// !$*UTF8*$!
{
	archiveVersion = 1;
	classes = {
	};
	objectVersion = 46;
	objects = {

/* Begin PBXBuildFile section */
		19328DD51B2FFDE5008BFAA6 /* Localizable.strings in Resources */ = {isa = PBXBuildFile; fileRef = 19328DD71B2FFDE5008BFAA6 /* Localizable.strings */; };
		19F0BD101B1DBC6400E4B048 /* main.m in Sources */ = {isa = PBXBuildFile; fileRef = 19F0BD0F1B1DBC6400E4B048 /* main.m */; };
		19F0BD191B1DBC6400E4B048 /* Main.storyboard in Resources */ = {isa = PBXBuildFile; fileRef = 19F0BD171B1DBC6400E4B048 /* Main.storyboard */; };
		19F0BD1B1B1DBC6400E4B048 /* Images.xcassets in Resources */ = {isa = PBXBuildFile; fileRef = 19F0BD1A1B1DBC6400E4B048 /* Images.xcassets */; };
		19F0BD2A1B1DBC6400E4B048 /* DigiFacesTests.m in Sources */ = {isa = PBXBuildFile; fileRef = 19F0BD291B1DBC6400E4B048 /* DigiFacesTests.m */; };
		19F0BD361B1F12CA00E4B048 /* Foundation.framework in Frameworks */ = {isa = PBXBuildFile; fileRef = 19F0BD351B1F12C900E4B048 /* Foundation.framework */; };
		19F0BD3A1B1F14B600E4B048 /* CoreGraphics.framework in Frameworks */ = {isa = PBXBuildFile; fileRef = 19F0BD391B1F14B600E4B048 /* CoreGraphics.framework */; };
		19F0BD3C1B1F14BC00E4B048 /* CoreLocation.framework in Frameworks */ = {isa = PBXBuildFile; fileRef = 19F0BD3B1B1F14BC00E4B048 /* CoreLocation.framework */; };
		19F0BD3E1B1F14C700E4B048 /* MobileCoreServices.framework in Frameworks */ = {isa = PBXBuildFile; fileRef = 19F0BD3D1B1F14C700E4B048 /* MobileCoreServices.framework */; };
		19F0BD401B1F14CC00E4B048 /* Security.framework in Frameworks */ = {isa = PBXBuildFile; fileRef = 19F0BD3F1B1F14CC00E4B048 /* Security.framework */; };
		19F0BD421B1F14D800E4B048 /* UIKit.framework in Frameworks */ = {isa = PBXBuildFile; fileRef = 19F0BD411B1F14D800E4B048 /* UIKit.framework */; };
		19F0BD441B1F14DF00E4B048 /* SystemConfiguration.framework in Frameworks */ = {isa = PBXBuildFile; fileRef = 19F0BD431B1F14DF00E4B048 /* SystemConfiguration.framework */; };
		19F0BE2D1B28519B00E4B048 /* QuartzCore.framework in Frameworks */ = {isa = PBXBuildFile; fileRef = 19F0BE2C1B28519B00E4B048 /* QuartzCore.framework */; };
		19F0BE331B28BBE500E4B048 /* LaunchScreen.xib in Resources */ = {isa = PBXBuildFile; fileRef = 19F0BE311B28BBE400E4B048 /* LaunchScreen.xib */; };
		4ACDB9AC1B3E7E66009EFB91 /* AppDelegate.m in Sources */ = {isa = PBXBuildFile; fileRef = 4ACDB92B1B3E7E66009EFB91 /* AppDelegate.m */; };
		4ACDB9AD1B3E7E66009EFB91 /* AboutDigifacesController.m in Sources */ = {isa = PBXBuildFile; fileRef = 4ACDB92E1B3E7E66009EFB91 /* AboutDigifacesController.m */; };
		4ACDB9AE1B3E7E66009EFB91 /* EmailModeratorController.m in Sources */ = {isa = PBXBuildFile; fileRef = 4ACDB9301B3E7E66009EFB91 /* EmailModeratorController.m */; };
		4ACDB9AF1B3E7E66009EFB91 /* ForgotPasswordViewController.m in Sources */ = {isa = PBXBuildFile; fileRef = 4ACDB9321B3E7E66009EFB91 /* ForgotPasswordViewController.m */; };
		4ACDB9B01B3E7E66009EFB91 /* HomeViewController.m in Sources */ = {isa = PBXBuildFile; fileRef = 4ACDB9341B3E7E66009EFB91 /* HomeViewController.m */; };
		4ACDB9B11B3E7E66009EFB91 /* LoginViewController.m in Sources */ = {isa = PBXBuildFile; fileRef = 4ACDB9361B3E7E66009EFB91 /* LoginViewController.m */; };
		4ACDB9B21B3E7E66009EFB91 /* MyProfileViewController.m in Sources */ = {isa = PBXBuildFile; fileRef = 4ACDB9381B3E7E66009EFB91 /* MyProfileViewController.m */; };
		4ACDB9B31B3E7E66009EFB91 /* PhotoGalleryViewController.m in Sources */ = {isa = PBXBuildFile; fileRef = 4ACDB93A1B3E7E66009EFB91 /* PhotoGalleryViewController.m */; };
		4ACDB9B41B3E7E66009EFB91 /* ProfilePicutreCollectionViewController.m in Sources */ = {isa = PBXBuildFile; fileRef = 4ACDB93C1B3E7E66009EFB91 /* ProfilePicutreCollectionViewController.m */; };
		4ACDB9B51B3E7E66009EFB91 /* ProjectIntroViewController.m in Sources */ = {isa = PBXBuildFile; fileRef = 4ACDB93E1B3E7E66009EFB91 /* ProjectIntroViewController.m */; };
		4ACDB9B61B3E7E66009EFB91 /* ProjectViewController.m in Sources */ = {isa = PBXBuildFile; fileRef = 4ACDB9401B3E7E66009EFB91 /* ProjectViewController.m */; };
		4ACDB9B71B3E7E66009EFB91 /* SettingsViewController.m in Sources */ = {isa = PBXBuildFile; fileRef = 4ACDB9421B3E7E66009EFB91 /* SettingsViewController.m */; };
		4ACDB9B81B3E7E66009EFB91 /* TechSupportController.m in Sources */ = {isa = PBXBuildFile; fileRef = 4ACDB9441B3E7E66009EFB91 /* TechSupportController.m */; };
		4ACDB9B91B3E7E66009EFB91 /* UserViewController.m in Sources */ = {isa = PBXBuildFile; fileRef = 4ACDB9461B3E7E66009EFB91 /* UserViewController.m */; };
		4ACDB9BA1B3E7E66009EFB91 /* VersionViewContrller.m in Sources */ = {isa = PBXBuildFile; fileRef = 4ACDB9481B3E7E66009EFB91 /* VersionViewContrller.m */; };
		4ACDB9BB1B3E7E66009EFB91 /* WebViewController.m in Sources */ = {isa = PBXBuildFile; fileRef = 4ACDB94A1B3E7E66009EFB91 /* WebViewController.m */; };
		4ACDB9BC1B3E7E66009EFB91 /* CustomAertView.m in Sources */ = {isa = PBXBuildFile; fileRef = 4ACDB94D1B3E7E66009EFB91 /* CustomAertView.m */; };
		4ACDB9BD1B3E7E66009EFB91 /* CustomAertView.xib in Resources */ = {isa = PBXBuildFile; fileRef = 4ACDB94E1B3E7E66009EFB91 /* CustomAertView.xib */; };
		4ACDB9BE1B3E7E66009EFB91 /* ImageCell.m in Sources */ = {isa = PBXBuildFile; fileRef = 4ACDB9501B3E7E66009EFB91 /* ImageCell.m */; };
		4ACDB9BF1B3E7E66009EFB91 /* ImageCollectionCell.m in Sources */ = {isa = PBXBuildFile; fileRef = 4ACDB9521B3E7E66009EFB91 /* ImageCollectionCell.m */; };
		4ACDB9C01B3E7E66009EFB91 /* LoginSegue.m in Sources */ = {isa = PBXBuildFile; fileRef = 4ACDB9541B3E7E66009EFB91 /* LoginSegue.m */; };
		4ACDB9C11B3E7E66009EFB91 /* LogoutSegue.m in Sources */ = {isa = PBXBuildFile; fileRef = 4ACDB9561B3E7E66009EFB91 /* LogoutSegue.m */; };
		4ACDB9C21B3E7E66009EFB91 /* ProfilePicCell.m in Sources */ = {isa = PBXBuildFile; fileRef = 4ACDB9581B3E7E66009EFB91 /* ProfilePicCell.m */; };
		4ACDB9C31B3E7E66009EFB91 /* AWSRuntime.framework in Frameworks */ = {isa = PBXBuildFile; fileRef = 4ACDB95A1B3E7E66009EFB91 /* AWSRuntime.framework */; };
		4ACDB9C41B3E7E66009EFB91 /* AWSS3.framework in Frameworks */ = {isa = PBXBuildFile; fileRef = 4ACDB95B1B3E7E66009EFB91 /* AWSS3.framework */; };
		4ACDB9C51B3E7E66009EFB91 /* Company.m in Sources */ = {isa = PBXBuildFile; fileRef = 4ACDB95E1B3E7E66009EFB91 /* Company.m */; };
		4ACDB9C61B3E7E66009EFB91 /* Diary.m in Sources */ = {isa = PBXBuildFile; fileRef = 4ACDB9601B3E7E66009EFB91 /* Diary.m */; };
		4ACDB9C71B3E7E66009EFB91 /* File.m in Sources */ = {isa = PBXBuildFile; fileRef = 4ACDB9621B3E7E66009EFB91 /* File.m */; };
		4ACDB9C81B3E7E66009EFB91 /* Project.m in Sources */ = {isa = PBXBuildFile; fileRef = 4ACDB9641B3E7E66009EFB91 /* Project.m */; };
		4ACDB9C91B3E7E66009EFB91 /* UserManagerShared.m in Sources */ = {isa = PBXBuildFile; fileRef = 4ACDB9661B3E7E66009EFB91 /* UserManagerShared.m */; };
		4ACDB9CA1B3E7E66009EFB91 /* DigiFaceHTTPClient.m in Sources */ = {isa = PBXBuildFile; fileRef = 4ACDB9691B3E7E66009EFB91 /* DigiFaceHTTPClient.m */; };
		4ACDB9CB1B3E7E66009EFB91 /* AFHTTPRequestOperation.m in Sources */ = {isa = PBXBuildFile; fileRef = 4ACDB96D1B3E7E66009EFB91 /* AFHTTPRequestOperation.m */; };
		4ACDB9CC1B3E7E66009EFB91 /* AFHTTPRequestOperationManager.m in Sources */ = {isa = PBXBuildFile; fileRef = 4ACDB96F1B3E7E66009EFB91 /* AFHTTPRequestOperationManager.m */; };
		4ACDB9CD1B3E7E66009EFB91 /* AFHTTPSessionManager.m in Sources */ = {isa = PBXBuildFile; fileRef = 4ACDB9711B3E7E66009EFB91 /* AFHTTPSessionManager.m */; };
		4ACDB9CE1B3E7E66009EFB91 /* AFNetworkReachabilityManager.m in Sources */ = {isa = PBXBuildFile; fileRef = 4ACDB9741B3E7E66009EFB91 /* AFNetworkReachabilityManager.m */; };
		4ACDB9CF1B3E7E66009EFB91 /* AFSecurityPolicy.m in Sources */ = {isa = PBXBuildFile; fileRef = 4ACDB9761B3E7E66009EFB91 /* AFSecurityPolicy.m */; };
		4ACDB9D01B3E7E66009EFB91 /* AFURLConnectionOperation.m in Sources */ = {isa = PBXBuildFile; fileRef = 4ACDB9781B3E7E66009EFB91 /* AFURLConnectionOperation.m */; };
		4ACDB9D11B3E7E66009EFB91 /* AFURLRequestSerialization.m in Sources */ = {isa = PBXBuildFile; fileRef = 4ACDB97A1B3E7E66009EFB91 /* AFURLRequestSerialization.m */; };
		4ACDB9D21B3E7E66009EFB91 /* AFURLResponseSerialization.m in Sources */ = {isa = PBXBuildFile; fileRef = 4ACDB97C1B3E7E66009EFB91 /* AFURLResponseSerialization.m */; };
		4ACDB9D31B3E7E66009EFB91 /* AFURLSessionManager.m in Sources */ = {isa = PBXBuildFile; fileRef = 4ACDB97E1B3E7E66009EFB91 /* AFURLSessionManager.m */; };
		4ACDB9D41B3E7E66009EFB91 /* MBProgressHUD.m in Sources */ = {isa = PBXBuildFile; fileRef = 4ACDB9801B3E7E66009EFB91 /* MBProgressHUD.m */; };
		4ACDB9D51B3E7E66009EFB91 /* DetailTableViewController.m in Sources */ = {isa = PBXBuildFile; fileRef = 4ACDB9831B3E7E66009EFB91 /* DetailTableViewController.m */; };
		4ACDB9D61B3E7E66009EFB91 /* GTMNSString+HTML.m in Sources */ = {isa = PBXBuildFile; fileRef = 4ACDB9851B3E7E66009EFB91 /* GTMNSString+HTML.m */; };
		4ACDB9D71B3E7E66009EFB91 /* MWFeedInfo.m in Sources */ = {isa = PBXBuildFile; fileRef = 4ACDB9871B3E7E66009EFB91 /* MWFeedInfo.m */; };
		4ACDB9D81B3E7E66009EFB91 /* MWFeedItem.m in Sources */ = {isa = PBXBuildFile; fileRef = 4ACDB9891B3E7E66009EFB91 /* MWFeedItem.m */; };
		4ACDB9D91B3E7E66009EFB91 /* MWFeedParser.m in Sources */ = {isa = PBXBuildFile; fileRef = 4ACDB98B1B3E7E66009EFB91 /* MWFeedParser.m */; };
		4ACDB9DA1B3E7E66009EFB91 /* MWFeedParserAppDelegate.m in Sources */ = {isa = PBXBuildFile; fileRef = 4ACDB98E1B3E7E66009EFB91 /* MWFeedParserAppDelegate.m */; };
		4ACDB9DB1B3E7E66009EFB91 /* NSDate+InternetDateTime.m in Sources */ = {isa = PBXBuildFile; fileRef = 4ACDB9901B3E7E66009EFB91 /* NSDate+InternetDateTime.m */; };
		4ACDB9DC1B3E7E66009EFB91 /* NSString+HTML.m in Sources */ = {isa = PBXBuildFile; fileRef = 4ACDB9921B3E7E66009EFB91 /* NSString+HTML.m */; };
		4ACDB9DD1B3E7E66009EFB91 /* NSString+XMLEntities.m in Sources */ = {isa = PBXBuildFile; fileRef = 4ACDB9941B3E7E66009EFB91 /* NSString+XMLEntities.m */; };
		4ACDB9DE1B3E7E66009EFB91 /* RootViewController.m in Sources */ = {isa = PBXBuildFile; fileRef = 4ACDB9961B3E7E66009EFB91 /* RootViewController.m */; };
		4ACDB9DF1B3E7E66009EFB91 /* AFNetworkActivityIndicatorManager.m in Sources */ = {isa = PBXBuildFile; fileRef = 4ACDB99A1B3E7E66009EFB91 /* AFNetworkActivityIndicatorManager.m */; };
		4ACDB9E01B3E7E66009EFB91 /* UIActivityIndicatorView+AFNetworking.m in Sources */ = {isa = PBXBuildFile; fileRef = 4ACDB99C1B3E7E66009EFB91 /* UIActivityIndicatorView+AFNetworking.m */; };
		4ACDB9E11B3E7E66009EFB91 /* UIAlertView+AFNetworking.m in Sources */ = {isa = PBXBuildFile; fileRef = 4ACDB99E1B3E7E66009EFB91 /* UIAlertView+AFNetworking.m */; };
		4ACDB9E21B3E7E66009EFB91 /* UIButton+AFNetworking.m in Sources */ = {isa = PBXBuildFile; fileRef = 4ACDB9A01B3E7E66009EFB91 /* UIButton+AFNetworking.m */; };
		4ACDB9E31B3E7E66009EFB91 /* UIImageView+AFNetworking.m in Sources */ = {isa = PBXBuildFile; fileRef = 4ACDB9A21B3E7E66009EFB91 /* UIImageView+AFNetworking.m */; };
		4ACDB9E41B3E7E66009EFB91 /* UIProgressView+AFNetworking.m in Sources */ = {isa = PBXBuildFile; fileRef = 4ACDB9A51B3E7E66009EFB91 /* UIProgressView+AFNetworking.m */; };
		4ACDB9E51B3E7E66009EFB91 /* UIRefreshControl+AFNetworking.m in Sources */ = {isa = PBXBuildFile; fileRef = 4ACDB9A71B3E7E66009EFB91 /* UIRefreshControl+AFNetworking.m */; };
		4ACDB9E61B3E7E66009EFB91 /* UIWebView+AFNetworking.m in Sources */ = {isa = PBXBuildFile; fileRef = 4ACDB9A91B3E7E66009EFB91 /* UIWebView+AFNetworking.m */; };
		4ACDB9E71B3E7E66009EFB91 /* Utility.m in Sources */ = {isa = PBXBuildFile; fileRef = 4ACDB9AB1B3E7E66009EFB91 /* Utility.m */; };
		4ACDB9ED1B3E8366009EFB91 /* DiaryInfoViewController.m in Sources */ = {isa = PBXBuildFile; fileRef = 4ACDB9EC1B3E8366009EFB91 /* DiaryInfoViewController.m */; };
		4ACDB9F01B3E84B8009EFB91 /* DailyDiaryViewController.m in Sources */ = {isa = PBXBuildFile; fileRef = 4ACDB9EF1B3E84B8009EFB91 /* DailyDiaryViewController.m */; };
		4ACDB9F31B3E8816009EFB91 /* UserInfo.m in Sources */ = {isa = PBXBuildFile; fileRef = 4ACDB9F21B3E8816009EFB91 /* UserInfo.m */; };
		4ACDB9F61B3E9A14009EFB91 /* DailyDiary.m in Sources */ = {isa = PBXBuildFile; fileRef = 4ACDB9F51B3E9A14009EFB91 /* DailyDiary.m */; };
/* End PBXBuildFile section */

/* Begin PBXContainerItemProxy section */
		19F0BD241B1DBC6400E4B048 /* PBXContainerItemProxy */ = {
			isa = PBXContainerItemProxy;
			containerPortal = 19F0BD021B1DBC6400E4B048 /* Project object */;
			proxyType = 1;
			remoteGlobalIDString = 19F0BD091B1DBC6400E4B048;
			remoteInfo = DigiFaces;
		};
/* End PBXContainerItemProxy section */

/* Begin PBXFileReference section */
		19328DC31B2FFCA4008BFAA6 /* fr */ = {isa = PBXFileReference; lastKnownFileType = text.plist.strings; name = fr; path = fr.lproj/LaunchScreen.strings; sourceTree = "<group>"; };
		19328DC41B2FFCA5008BFAA6 /* fr */ = {isa = PBXFileReference; lastKnownFileType = text.plist.strings; name = fr; path = fr.lproj/Main.strings; sourceTree = "<group>"; };
		19328DC51B2FFCAF008BFAA6 /* de */ = {isa = PBXFileReference; lastKnownFileType = text.plist.strings; name = de; path = de.lproj/LaunchScreen.strings; sourceTree = "<group>"; };
		19328DC61B2FFCAF008BFAA6 /* de */ = {isa = PBXFileReference; lastKnownFileType = text.plist.strings; name = de; path = de.lproj/Main.strings; sourceTree = "<group>"; };
		19328DC71B2FFCB9008BFAA6 /* ja */ = {isa = PBXFileReference; lastKnownFileType = text.plist.strings; name = ja; path = ja.lproj/LaunchScreen.strings; sourceTree = "<group>"; };
		19328DC81B2FFCB9008BFAA6 /* ja */ = {isa = PBXFileReference; lastKnownFileType = text.plist.strings; name = ja; path = ja.lproj/Main.strings; sourceTree = "<group>"; };
		19328DC91B2FFCC0008BFAA6 /* zh-Hans */ = {isa = PBXFileReference; lastKnownFileType = text.plist.strings; name = "zh-Hans"; path = "zh-Hans.lproj/LaunchScreen.strings"; sourceTree = "<group>"; };
		19328DCA1B2FFCC0008BFAA6 /* zh-Hans */ = {isa = PBXFileReference; lastKnownFileType = text.plist.strings; name = "zh-Hans"; path = "zh-Hans.lproj/Main.strings"; sourceTree = "<group>"; };
		19328DCB1B2FFCC6008BFAA6 /* es */ = {isa = PBXFileReference; lastKnownFileType = text.plist.strings; name = es; path = es.lproj/LaunchScreen.strings; sourceTree = "<group>"; };
		19328DCC1B2FFCC6008BFAA6 /* es */ = {isa = PBXFileReference; lastKnownFileType = text.plist.strings; name = es; path = es.lproj/Main.strings; sourceTree = "<group>"; };
		19328DCD1B2FFCCE008BFAA6 /* nl */ = {isa = PBXFileReference; lastKnownFileType = text.plist.strings; name = nl; path = nl.lproj/LaunchScreen.strings; sourceTree = "<group>"; };
		19328DCE1B2FFCCE008BFAA6 /* nl */ = {isa = PBXFileReference; lastKnownFileType = text.plist.strings; name = nl; path = nl.lproj/Main.strings; sourceTree = "<group>"; };
		19328DCF1B2FFCDA008BFAA6 /* ar */ = {isa = PBXFileReference; lastKnownFileType = text.plist.strings; name = ar; path = ar.lproj/LaunchScreen.strings; sourceTree = "<group>"; };
		19328DD01B2FFCDA008BFAA6 /* ar */ = {isa = PBXFileReference; lastKnownFileType = text.plist.strings; name = ar; path = ar.lproj/Main.strings; sourceTree = "<group>"; };
		19328DD11B2FFCDF008BFAA6 /* ru */ = {isa = PBXFileReference; lastKnownFileType = text.plist.strings; name = ru; path = ru.lproj/LaunchScreen.strings; sourceTree = "<group>"; };
		19328DD21B2FFCDF008BFAA6 /* ru */ = {isa = PBXFileReference; lastKnownFileType = text.plist.strings; name = ru; path = ru.lproj/Main.strings; sourceTree = "<group>"; };
		19328DD31B2FFCE4008BFAA6 /* da */ = {isa = PBXFileReference; lastKnownFileType = text.plist.strings; name = da; path = da.lproj/LaunchScreen.strings; sourceTree = "<group>"; };
		19328DD41B2FFCE4008BFAA6 /* da */ = {isa = PBXFileReference; lastKnownFileType = text.plist.strings; name = da; path = da.lproj/Main.strings; sourceTree = "<group>"; };
		19328DD61B2FFDE5008BFAA6 /* en */ = {isa = PBXFileReference; lastKnownFileType = text.plist.strings; name = en; path = en.lproj/Localizable.strings; sourceTree = "<group>"; };
		19328DD81B2FFE00008BFAA6 /* fr */ = {isa = PBXFileReference; lastKnownFileType = text.plist.strings; name = fr; path = fr.lproj/Localizable.strings; sourceTree = "<group>"; };
		19328DD91B2FFEC4008BFAA6 /* de */ = {isa = PBXFileReference; lastKnownFileType = text.plist.strings; name = de; path = de.lproj/Localizable.strings; sourceTree = "<group>"; };
		19328DDA1B2FFEC6008BFAA6 /* ja */ = {isa = PBXFileReference; lastKnownFileType = text.plist.strings; name = ja; path = ja.lproj/Localizable.strings; sourceTree = "<group>"; };
		19328DDB1B2FFEC7008BFAA6 /* zh-Hans */ = {isa = PBXFileReference; lastKnownFileType = text.plist.strings; name = "zh-Hans"; path = "zh-Hans.lproj/Localizable.strings"; sourceTree = "<group>"; };
		19F0BD0A1B1DBC6400E4B048 /* DigiFaces.app */ = {isa = PBXFileReference; explicitFileType = wrapper.application; includeInIndex = 0; path = DigiFaces.app; sourceTree = BUILT_PRODUCTS_DIR; };
		19F0BD0F1B1DBC6400E4B048 /* main.m */ = {isa = PBXFileReference; lastKnownFileType = sourcecode.c.objc; path = main.m; sourceTree = "<group>"; };
		19F0BD181B1DBC6400E4B048 /* Base */ = {isa = PBXFileReference; lastKnownFileType = file.storyboard; name = Base; path = Base.lproj/Main.storyboard; sourceTree = "<group>"; };
		19F0BD1A1B1DBC6400E4B048 /* Images.xcassets */ = {isa = PBXFileReference; lastKnownFileType = folder.assetcatalog; path = Images.xcassets; sourceTree = "<group>"; };
		19F0BD231B1DBC6400E4B048 /* DigiFacesTests.xctest */ = {isa = PBXFileReference; explicitFileType = wrapper.cfbundle; includeInIndex = 0; path = DigiFacesTests.xctest; sourceTree = BUILT_PRODUCTS_DIR; };
		19F0BD281B1DBC6400E4B048 /* Info.plist */ = {isa = PBXFileReference; lastKnownFileType = text.plist.xml; path = Info.plist; sourceTree = "<group>"; };
		19F0BD291B1DBC6400E4B048 /* DigiFacesTests.m */ = {isa = PBXFileReference; lastKnownFileType = sourcecode.c.objc; path = DigiFacesTests.m; sourceTree = "<group>"; };
		19F0BD351B1F12C900E4B048 /* Foundation.framework */ = {isa = PBXFileReference; lastKnownFileType = wrapper.framework; name = Foundation.framework; path = System/Library/Frameworks/Foundation.framework; sourceTree = SDKROOT; };
		19F0BD391B1F14B600E4B048 /* CoreGraphics.framework */ = {isa = PBXFileReference; lastKnownFileType = wrapper.framework; name = CoreGraphics.framework; path = System/Library/Frameworks/CoreGraphics.framework; sourceTree = SDKROOT; };
		19F0BD3B1B1F14BC00E4B048 /* CoreLocation.framework */ = {isa = PBXFileReference; lastKnownFileType = wrapper.framework; name = CoreLocation.framework; path = System/Library/Frameworks/CoreLocation.framework; sourceTree = SDKROOT; };
		19F0BD3D1B1F14C700E4B048 /* MobileCoreServices.framework */ = {isa = PBXFileReference; lastKnownFileType = wrapper.framework; name = MobileCoreServices.framework; path = System/Library/Frameworks/MobileCoreServices.framework; sourceTree = SDKROOT; };
		19F0BD3F1B1F14CC00E4B048 /* Security.framework */ = {isa = PBXFileReference; lastKnownFileType = wrapper.framework; name = Security.framework; path = System/Library/Frameworks/Security.framework; sourceTree = SDKROOT; };
		19F0BD411B1F14D800E4B048 /* UIKit.framework */ = {isa = PBXFileReference; lastKnownFileType = wrapper.framework; name = UIKit.framework; path = System/Library/Frameworks/UIKit.framework; sourceTree = SDKROOT; };
		19F0BD431B1F14DF00E4B048 /* SystemConfiguration.framework */ = {isa = PBXFileReference; lastKnownFileType = wrapper.framework; name = SystemConfiguration.framework; path = System/Library/Frameworks/SystemConfiguration.framework; sourceTree = SDKROOT; };
		19F0BE2C1B28519B00E4B048 /* QuartzCore.framework */ = {isa = PBXFileReference; lastKnownFileType = wrapper.framework; name = QuartzCore.framework; path = System/Library/Frameworks/QuartzCore.framework; sourceTree = SDKROOT; };
		19F0BE321B28BBE400E4B048 /* Base */ = {isa = PBXFileReference; lastKnownFileType = file.xib; name = Base; path = Base.lproj/LaunchScreen.xib; sourceTree = "<group>"; };
		4ACDB92A1B3E7E66009EFB91 /* AppDelegate.h */ = {isa = PBXFileReference; fileEncoding = 4; lastKnownFileType = sourcecode.c.h; path = AppDelegate.h; sourceTree = "<group>"; };
		4ACDB92B1B3E7E66009EFB91 /* AppDelegate.m */ = {isa = PBXFileReference; fileEncoding = 4; lastKnownFileType = sourcecode.c.objc; path = AppDelegate.m; sourceTree = "<group>"; };
		4ACDB92D1B3E7E66009EFB91 /* AboutDigifacesController.h */ = {isa = PBXFileReference; fileEncoding = 4; lastKnownFileType = sourcecode.c.h; path = AboutDigifacesController.h; sourceTree = "<group>"; };
		4ACDB92E1B3E7E66009EFB91 /* AboutDigifacesController.m */ = {isa = PBXFileReference; fileEncoding = 4; lastKnownFileType = sourcecode.c.objc; path = AboutDigifacesController.m; sourceTree = "<group>"; };
		4ACDB92F1B3E7E66009EFB91 /* EmailModeratorController.h */ = {isa = PBXFileReference; fileEncoding = 4; lastKnownFileType = sourcecode.c.h; path = EmailModeratorController.h; sourceTree = "<group>"; };
		4ACDB9301B3E7E66009EFB91 /* EmailModeratorController.m */ = {isa = PBXFileReference; fileEncoding = 4; lastKnownFileType = sourcecode.c.objc; path = EmailModeratorController.m; sourceTree = "<group>"; };
		4ACDB9311B3E7E66009EFB91 /* ForgotPasswordViewController.h */ = {isa = PBXFileReference; fileEncoding = 4; lastKnownFileType = sourcecode.c.h; path = ForgotPasswordViewController.h; sourceTree = "<group>"; };
		4ACDB9321B3E7E66009EFB91 /* ForgotPasswordViewController.m */ = {isa = PBXFileReference; fileEncoding = 4; lastKnownFileType = sourcecode.c.objc; path = ForgotPasswordViewController.m; sourceTree = "<group>"; };
		4ACDB9331B3E7E66009EFB91 /* HomeViewController.h */ = {isa = PBXFileReference; fileEncoding = 4; lastKnownFileType = sourcecode.c.h; path = HomeViewController.h; sourceTree = "<group>"; };
		4ACDB9341B3E7E66009EFB91 /* HomeViewController.m */ = {isa = PBXFileReference; fileEncoding = 4; lastKnownFileType = sourcecode.c.objc; path = HomeViewController.m; sourceTree = "<group>"; };
		4ACDB9351B3E7E66009EFB91 /* LoginViewController.h */ = {isa = PBXFileReference; fileEncoding = 4; lastKnownFileType = sourcecode.c.h; path = LoginViewController.h; sourceTree = "<group>"; };
		4ACDB9361B3E7E66009EFB91 /* LoginViewController.m */ = {isa = PBXFileReference; fileEncoding = 4; lastKnownFileType = sourcecode.c.objc; path = LoginViewController.m; sourceTree = "<group>"; };
		4ACDB9371B3E7E66009EFB91 /* MyProfileViewController.h */ = {isa = PBXFileReference; fileEncoding = 4; lastKnownFileType = sourcecode.c.h; path = MyProfileViewController.h; sourceTree = "<group>"; };
		4ACDB9381B3E7E66009EFB91 /* MyProfileViewController.m */ = {isa = PBXFileReference; fileEncoding = 4; lastKnownFileType = sourcecode.c.objc; path = MyProfileViewController.m; sourceTree = "<group>"; };
		4ACDB9391B3E7E66009EFB91 /* PhotoGalleryViewController.h */ = {isa = PBXFileReference; fileEncoding = 4; lastKnownFileType = sourcecode.c.h; path = PhotoGalleryViewController.h; sourceTree = "<group>"; };
		4ACDB93A1B3E7E66009EFB91 /* PhotoGalleryViewController.m */ = {isa = PBXFileReference; fileEncoding = 4; lastKnownFileType = sourcecode.c.objc; path = PhotoGalleryViewController.m; sourceTree = "<group>"; };
		4ACDB93B1B3E7E66009EFB91 /* ProfilePicutreCollectionViewController.h */ = {isa = PBXFileReference; fileEncoding = 4; lastKnownFileType = sourcecode.c.h; path = ProfilePicutreCollectionViewController.h; sourceTree = "<group>"; };
		4ACDB93C1B3E7E66009EFB91 /* ProfilePicutreCollectionViewController.m */ = {isa = PBXFileReference; fileEncoding = 4; lastKnownFileType = sourcecode.c.objc; path = ProfilePicutreCollectionViewController.m; sourceTree = "<group>"; };
		4ACDB93D1B3E7E66009EFB91 /* ProjectIntroViewController.h */ = {isa = PBXFileReference; fileEncoding = 4; lastKnownFileType = sourcecode.c.h; path = ProjectIntroViewController.h; sourceTree = "<group>"; };
		4ACDB93E1B3E7E66009EFB91 /* ProjectIntroViewController.m */ = {isa = PBXFileReference; fileEncoding = 4; lastKnownFileType = sourcecode.c.objc; path = ProjectIntroViewController.m; sourceTree = "<group>"; };
		4ACDB93F1B3E7E66009EFB91 /* ProjectViewController.h */ = {isa = PBXFileReference; fileEncoding = 4; lastKnownFileType = sourcecode.c.h; path = ProjectViewController.h; sourceTree = "<group>"; };
		4ACDB9401B3E7E66009EFB91 /* ProjectViewController.m */ = {isa = PBXFileReference; fileEncoding = 4; lastKnownFileType = sourcecode.c.objc; path = ProjectViewController.m; sourceTree = "<group>"; };
		4ACDB9411B3E7E66009EFB91 /* SettingsViewController.h */ = {isa = PBXFileReference; fileEncoding = 4; lastKnownFileType = sourcecode.c.h; path = SettingsViewController.h; sourceTree = "<group>"; };
		4ACDB9421B3E7E66009EFB91 /* SettingsViewController.m */ = {isa = PBXFileReference; fileEncoding = 4; lastKnownFileType = sourcecode.c.objc; path = SettingsViewController.m; sourceTree = "<group>"; };
		4ACDB9431B3E7E66009EFB91 /* TechSupportController.h */ = {isa = PBXFileReference; fileEncoding = 4; lastKnownFileType = sourcecode.c.h; path = TechSupportController.h; sourceTree = "<group>"; };
		4ACDB9441B3E7E66009EFB91 /* TechSupportController.m */ = {isa = PBXFileReference; fileEncoding = 4; lastKnownFileType = sourcecode.c.objc; path = TechSupportController.m; sourceTree = "<group>"; };
		4ACDB9451B3E7E66009EFB91 /* UserViewController.h */ = {isa = PBXFileReference; fileEncoding = 4; lastKnownFileType = sourcecode.c.h; path = UserViewController.h; sourceTree = "<group>"; };
		4ACDB9461B3E7E66009EFB91 /* UserViewController.m */ = {isa = PBXFileReference; fileEncoding = 4; lastKnownFileType = sourcecode.c.objc; path = UserViewController.m; sourceTree = "<group>"; };
		4ACDB9471B3E7E66009EFB91 /* VersionViewContrller.h */ = {isa = PBXFileReference; fileEncoding = 4; lastKnownFileType = sourcecode.c.h; path = VersionViewContrller.h; sourceTree = "<group>"; };
		4ACDB9481B3E7E66009EFB91 /* VersionViewContrller.m */ = {isa = PBXFileReference; fileEncoding = 4; lastKnownFileType = sourcecode.c.objc; path = VersionViewContrller.m; sourceTree = "<group>"; };
		4ACDB9491B3E7E66009EFB91 /* WebViewController.h */ = {isa = PBXFileReference; fileEncoding = 4; lastKnownFileType = sourcecode.c.h; path = WebViewController.h; sourceTree = "<group>"; };
		4ACDB94A1B3E7E66009EFB91 /* WebViewController.m */ = {isa = PBXFileReference; fileEncoding = 4; lastKnownFileType = sourcecode.c.objc; path = WebViewController.m; sourceTree = "<group>"; };
		4ACDB94C1B3E7E66009EFB91 /* CustomAertView.h */ = {isa = PBXFileReference; fileEncoding = 4; lastKnownFileType = sourcecode.c.h; path = CustomAertView.h; sourceTree = "<group>"; };
		4ACDB94D1B3E7E66009EFB91 /* CustomAertView.m */ = {isa = PBXFileReference; fileEncoding = 4; lastKnownFileType = sourcecode.c.objc; path = CustomAertView.m; sourceTree = "<group>"; };
		4ACDB94E1B3E7E66009EFB91 /* CustomAertView.xib */ = {isa = PBXFileReference; fileEncoding = 4; lastKnownFileType = file.xib; path = CustomAertView.xib; sourceTree = "<group>"; };
		4ACDB94F1B3E7E66009EFB91 /* ImageCell.h */ = {isa = PBXFileReference; fileEncoding = 4; lastKnownFileType = sourcecode.c.h; path = ImageCell.h; sourceTree = "<group>"; };
		4ACDB9501B3E7E66009EFB91 /* ImageCell.m */ = {isa = PBXFileReference; fileEncoding = 4; lastKnownFileType = sourcecode.c.objc; path = ImageCell.m; sourceTree = "<group>"; };
		4ACDB9511B3E7E66009EFB91 /* ImageCollectionCell.h */ = {isa = PBXFileReference; fileEncoding = 4; lastKnownFileType = sourcecode.c.h; path = ImageCollectionCell.h; sourceTree = "<group>"; };
		4ACDB9521B3E7E66009EFB91 /* ImageCollectionCell.m */ = {isa = PBXFileReference; fileEncoding = 4; lastKnownFileType = sourcecode.c.objc; path = ImageCollectionCell.m; sourceTree = "<group>"; };
		4ACDB9531B3E7E66009EFB91 /* LoginSegue.h */ = {isa = PBXFileReference; fileEncoding = 4; lastKnownFileType = sourcecode.c.h; path = LoginSegue.h; sourceTree = "<group>"; };
		4ACDB9541B3E7E66009EFB91 /* LoginSegue.m */ = {isa = PBXFileReference; fileEncoding = 4; lastKnownFileType = sourcecode.c.objc; path = LoginSegue.m; sourceTree = "<group>"; };
		4ACDB9551B3E7E66009EFB91 /* LogoutSegue.h */ = {isa = PBXFileReference; fileEncoding = 4; lastKnownFileType = sourcecode.c.h; path = LogoutSegue.h; sourceTree = "<group>"; };
		4ACDB9561B3E7E66009EFB91 /* LogoutSegue.m */ = {isa = PBXFileReference; fileEncoding = 4; lastKnownFileType = sourcecode.c.objc; path = LogoutSegue.m; sourceTree = "<group>"; };
		4ACDB9571B3E7E66009EFB91 /* ProfilePicCell.h */ = {isa = PBXFileReference; fileEncoding = 4; lastKnownFileType = sourcecode.c.h; path = ProfilePicCell.h; sourceTree = "<group>"; };
		4ACDB9581B3E7E66009EFB91 /* ProfilePicCell.m */ = {isa = PBXFileReference; fileEncoding = 4; lastKnownFileType = sourcecode.c.objc; path = ProfilePicCell.m; sourceTree = "<group>"; };
		4ACDB95A1B3E7E66009EFB91 /* AWSRuntime.framework */ = {isa = PBXFileReference; lastKnownFileType = wrapper.framework; path = AWSRuntime.framework; sourceTree = "<group>"; };
		4ACDB95B1B3E7E66009EFB91 /* AWSS3.framework */ = {isa = PBXFileReference; lastKnownFileType = wrapper.framework; path = AWSS3.framework; sourceTree = "<group>"; };
		4ACDB95D1B3E7E66009EFB91 /* Company.h */ = {isa = PBXFileReference; fileEncoding = 4; lastKnownFileType = sourcecode.c.h; path = Company.h; sourceTree = "<group>"; };
		4ACDB95E1B3E7E66009EFB91 /* Company.m */ = {isa = PBXFileReference; fileEncoding = 4; lastKnownFileType = sourcecode.c.objc; path = Company.m; sourceTree = "<group>"; };
		4ACDB95F1B3E7E66009EFB91 /* Diary.h */ = {isa = PBXFileReference; fileEncoding = 4; lastKnownFileType = sourcecode.c.h; path = Diary.h; sourceTree = "<group>"; };
		4ACDB9601B3E7E66009EFB91 /* Diary.m */ = {isa = PBXFileReference; fileEncoding = 4; lastKnownFileType = sourcecode.c.objc; path = Diary.m; sourceTree = "<group>"; };
		4ACDB9611B3E7E66009EFB91 /* File.h */ = {isa = PBXFileReference; fileEncoding = 4; lastKnownFileType = sourcecode.c.h; path = File.h; sourceTree = "<group>"; };
		4ACDB9621B3E7E66009EFB91 /* File.m */ = {isa = PBXFileReference; fileEncoding = 4; lastKnownFileType = sourcecode.c.objc; path = File.m; sourceTree = "<group>"; };
		4ACDB9631B3E7E66009EFB91 /* Project.h */ = {isa = PBXFileReference; fileEncoding = 4; lastKnownFileType = sourcecode.c.h; path = Project.h; sourceTree = "<group>"; };
		4ACDB9641B3E7E66009EFB91 /* Project.m */ = {isa = PBXFileReference; fileEncoding = 4; lastKnownFileType = sourcecode.c.objc; path = Project.m; sourceTree = "<group>"; };
		4ACDB9651B3E7E66009EFB91 /* UserManagerShared.h */ = {isa = PBXFileReference; fileEncoding = 4; lastKnownFileType = sourcecode.c.h; path = UserManagerShared.h; sourceTree = "<group>"; };
		4ACDB9661B3E7E66009EFB91 /* UserManagerShared.m */ = {isa = PBXFileReference; fileEncoding = 4; lastKnownFileType = sourcecode.c.objc; path = UserManagerShared.m; sourceTree = "<group>"; };
		4ACDB9681B3E7E66009EFB91 /* DigiFaceHTTPClient.h */ = {isa = PBXFileReference; fileEncoding = 4; lastKnownFileType = sourcecode.c.h; path = DigiFaceHTTPClient.h; sourceTree = "<group>"; };
		4ACDB9691B3E7E66009EFB91 /* DigiFaceHTTPClient.m */ = {isa = PBXFileReference; fileEncoding = 4; lastKnownFileType = sourcecode.c.objc; path = DigiFaceHTTPClient.m; sourceTree = "<group>"; };
		4ACDB96C1B3E7E66009EFB91 /* AFHTTPRequestOperation.h */ = {isa = PBXFileReference; fileEncoding = 4; lastKnownFileType = sourcecode.c.h; path = AFHTTPRequestOperation.h; sourceTree = "<group>"; };
		4ACDB96D1B3E7E66009EFB91 /* AFHTTPRequestOperation.m */ = {isa = PBXFileReference; fileEncoding = 4; lastKnownFileType = sourcecode.c.objc; path = AFHTTPRequestOperation.m; sourceTree = "<group>"; };
		4ACDB96E1B3E7E66009EFB91 /* AFHTTPRequestOperationManager.h */ = {isa = PBXFileReference; fileEncoding = 4; lastKnownFileType = sourcecode.c.h; path = AFHTTPRequestOperationManager.h; sourceTree = "<group>"; };
		4ACDB96F1B3E7E66009EFB91 /* AFHTTPRequestOperationManager.m */ = {isa = PBXFileReference; fileEncoding = 4; lastKnownFileType = sourcecode.c.objc; path = AFHTTPRequestOperationManager.m; sourceTree = "<group>"; };
		4ACDB9701B3E7E66009EFB91 /* AFHTTPSessionManager.h */ = {isa = PBXFileReference; fileEncoding = 4; lastKnownFileType = sourcecode.c.h; path = AFHTTPSessionManager.h; sourceTree = "<group>"; };
		4ACDB9711B3E7E66009EFB91 /* AFHTTPSessionManager.m */ = {isa = PBXFileReference; fileEncoding = 4; lastKnownFileType = sourcecode.c.objc; path = AFHTTPSessionManager.m; sourceTree = "<group>"; };
		4ACDB9721B3E7E66009EFB91 /* AFNetworking.h */ = {isa = PBXFileReference; fileEncoding = 4; lastKnownFileType = sourcecode.c.h; path = AFNetworking.h; sourceTree = "<group>"; };
		4ACDB9731B3E7E66009EFB91 /* AFNetworkReachabilityManager.h */ = {isa = PBXFileReference; fileEncoding = 4; lastKnownFileType = sourcecode.c.h; path = AFNetworkReachabilityManager.h; sourceTree = "<group>"; };
		4ACDB9741B3E7E66009EFB91 /* AFNetworkReachabilityManager.m */ = {isa = PBXFileReference; fileEncoding = 4; lastKnownFileType = sourcecode.c.objc; path = AFNetworkReachabilityManager.m; sourceTree = "<group>"; };
		4ACDB9751B3E7E66009EFB91 /* AFSecurityPolicy.h */ = {isa = PBXFileReference; fileEncoding = 4; lastKnownFileType = sourcecode.c.h; path = AFSecurityPolicy.h; sourceTree = "<group>"; };
		4ACDB9761B3E7E66009EFB91 /* AFSecurityPolicy.m */ = {isa = PBXFileReference; fileEncoding = 4; lastKnownFileType = sourcecode.c.objc; path = AFSecurityPolicy.m; sourceTree = "<group>"; };
		4ACDB9771B3E7E66009EFB91 /* AFURLConnectionOperation.h */ = {isa = PBXFileReference; fileEncoding = 4; lastKnownFileType = sourcecode.c.h; path = AFURLConnectionOperation.h; sourceTree = "<group>"; };
		4ACDB9781B3E7E66009EFB91 /* AFURLConnectionOperation.m */ = {isa = PBXFileReference; fileEncoding = 4; lastKnownFileType = sourcecode.c.objc; path = AFURLConnectionOperation.m; sourceTree = "<group>"; };
		4ACDB9791B3E7E66009EFB91 /* AFURLRequestSerialization.h */ = {isa = PBXFileReference; fileEncoding = 4; lastKnownFileType = sourcecode.c.h; path = AFURLRequestSerialization.h; sourceTree = "<group>"; };
		4ACDB97A1B3E7E66009EFB91 /* AFURLRequestSerialization.m */ = {isa = PBXFileReference; fileEncoding = 4; lastKnownFileType = sourcecode.c.objc; path = AFURLRequestSerialization.m; sourceTree = "<group>"; };
		4ACDB97B1B3E7E66009EFB91 /* AFURLResponseSerialization.h */ = {isa = PBXFileReference; fileEncoding = 4; lastKnownFileType = sourcecode.c.h; path = AFURLResponseSerialization.h; sourceTree = "<group>"; };
		4ACDB97C1B3E7E66009EFB91 /* AFURLResponseSerialization.m */ = {isa = PBXFileReference; fileEncoding = 4; lastKnownFileType = sourcecode.c.objc; path = AFURLResponseSerialization.m; sourceTree = "<group>"; };
		4ACDB97D1B3E7E66009EFB91 /* AFURLSessionManager.h */ = {isa = PBXFileReference; fileEncoding = 4; lastKnownFileType = sourcecode.c.h; path = AFURLSessionManager.h; sourceTree = "<group>"; };
		4ACDB97E1B3E7E66009EFB91 /* AFURLSessionManager.m */ = {isa = PBXFileReference; fileEncoding = 4; lastKnownFileType = sourcecode.c.objc; path = AFURLSessionManager.m; sourceTree = "<group>"; };
		4ACDB97F1B3E7E66009EFB91 /* MBProgressHUD.h */ = {isa = PBXFileReference; fileEncoding = 4; lastKnownFileType = sourcecode.c.h; path = MBProgressHUD.h; sourceTree = "<group>"; };
		4ACDB9801B3E7E66009EFB91 /* MBProgressHUD.m */ = {isa = PBXFileReference; fileEncoding = 4; lastKnownFileType = sourcecode.c.objc; path = MBProgressHUD.m; sourceTree = "<group>"; };
		4ACDB9821B3E7E66009EFB91 /* DetailTableViewController.h */ = {isa = PBXFileReference; fileEncoding = 4; lastKnownFileType = sourcecode.c.h; path = DetailTableViewController.h; sourceTree = "<group>"; };
		4ACDB9831B3E7E66009EFB91 /* DetailTableViewController.m */ = {isa = PBXFileReference; fileEncoding = 4; lastKnownFileType = sourcecode.c.objc; path = DetailTableViewController.m; sourceTree = "<group>"; };
		4ACDB9841B3E7E66009EFB91 /* GTMNSString+HTML.h */ = {isa = PBXFileReference; fileEncoding = 4; lastKnownFileType = sourcecode.c.h; path = "GTMNSString+HTML.h"; sourceTree = "<group>"; };
		4ACDB9851B3E7E66009EFB91 /* GTMNSString+HTML.m */ = {isa = PBXFileReference; fileEncoding = 4; lastKnownFileType = sourcecode.c.objc; path = "GTMNSString+HTML.m"; sourceTree = "<group>"; };
		4ACDB9861B3E7E66009EFB91 /* MWFeedInfo.h */ = {isa = PBXFileReference; fileEncoding = 4; lastKnownFileType = sourcecode.c.h; path = MWFeedInfo.h; sourceTree = "<group>"; };
		4ACDB9871B3E7E66009EFB91 /* MWFeedInfo.m */ = {isa = PBXFileReference; fileEncoding = 4; lastKnownFileType = sourcecode.c.objc; path = MWFeedInfo.m; sourceTree = "<group>"; };
		4ACDB9881B3E7E66009EFB91 /* MWFeedItem.h */ = {isa = PBXFileReference; fileEncoding = 4; lastKnownFileType = sourcecode.c.h; path = MWFeedItem.h; sourceTree = "<group>"; };
		4ACDB9891B3E7E66009EFB91 /* MWFeedItem.m */ = {isa = PBXFileReference; fileEncoding = 4; lastKnownFileType = sourcecode.c.objc; path = MWFeedItem.m; sourceTree = "<group>"; };
		4ACDB98A1B3E7E66009EFB91 /* MWFeedParser.h */ = {isa = PBXFileReference; fileEncoding = 4; lastKnownFileType = sourcecode.c.h; path = MWFeedParser.h; sourceTree = "<group>"; };
		4ACDB98B1B3E7E66009EFB91 /* MWFeedParser.m */ = {isa = PBXFileReference; fileEncoding = 4; lastKnownFileType = sourcecode.c.objc; path = MWFeedParser.m; sourceTree = "<group>"; };
		4ACDB98C1B3E7E66009EFB91 /* MWFeedParser_Private.h */ = {isa = PBXFileReference; fileEncoding = 4; lastKnownFileType = sourcecode.c.h; path = MWFeedParser_Private.h; sourceTree = "<group>"; };
		4ACDB98D1B3E7E66009EFB91 /* MWFeedParserAppDelegate.h */ = {isa = PBXFileReference; fileEncoding = 4; lastKnownFileType = sourcecode.c.h; path = MWFeedParserAppDelegate.h; sourceTree = "<group>"; };
		4ACDB98E1B3E7E66009EFB91 /* MWFeedParserAppDelegate.m */ = {isa = PBXFileReference; fileEncoding = 4; lastKnownFileType = sourcecode.c.objc; path = MWFeedParserAppDelegate.m; sourceTree = "<group>"; };
		4ACDB98F1B3E7E66009EFB91 /* NSDate+InternetDateTime.h */ = {isa = PBXFileReference; fileEncoding = 4; lastKnownFileType = sourcecode.c.h; path = "NSDate+InternetDateTime.h"; sourceTree = "<group>"; };
		4ACDB9901B3E7E66009EFB91 /* NSDate+InternetDateTime.m */ = {isa = PBXFileReference; fileEncoding = 4; lastKnownFileType = sourcecode.c.objc; path = "NSDate+InternetDateTime.m"; sourceTree = "<group>"; };
		4ACDB9911B3E7E66009EFB91 /* NSString+HTML.h */ = {isa = PBXFileReference; fileEncoding = 4; lastKnownFileType = sourcecode.c.h; path = "NSString+HTML.h"; sourceTree = "<group>"; };
		4ACDB9921B3E7E66009EFB91 /* NSString+HTML.m */ = {isa = PBXFileReference; fileEncoding = 4; lastKnownFileType = sourcecode.c.objc; path = "NSString+HTML.m"; sourceTree = "<group>"; };
		4ACDB9931B3E7E66009EFB91 /* NSString+XMLEntities.h */ = {isa = PBXFileReference; fileEncoding = 4; lastKnownFileType = sourcecode.c.h; path = "NSString+XMLEntities.h"; sourceTree = "<group>"; };
		4ACDB9941B3E7E66009EFB91 /* NSString+XMLEntities.m */ = {isa = PBXFileReference; fileEncoding = 4; lastKnownFileType = sourcecode.c.objc; path = "NSString+XMLEntities.m"; sourceTree = "<group>"; };
		4ACDB9951B3E7E66009EFB91 /* RootViewController.h */ = {isa = PBXFileReference; fileEncoding = 4; lastKnownFileType = sourcecode.c.h; path = RootViewController.h; sourceTree = "<group>"; };
		4ACDB9961B3E7E66009EFB91 /* RootViewController.m */ = {isa = PBXFileReference; fileEncoding = 4; lastKnownFileType = sourcecode.c.objc; path = RootViewController.m; sourceTree = "<group>"; };
		4ACDB9971B3E7E66009EFB91 /* SDConstants.h */ = {isa = PBXFileReference; fileEncoding = 4; lastKnownFileType = sourcecode.c.h; path = SDConstants.h; sourceTree = "<group>"; };
		4ACDB9991B3E7E66009EFB91 /* AFNetworkActivityIndicatorManager.h */ = {isa = PBXFileReference; fileEncoding = 4; lastKnownFileType = sourcecode.c.h; path = AFNetworkActivityIndicatorManager.h; sourceTree = "<group>"; };
		4ACDB99A1B3E7E66009EFB91 /* AFNetworkActivityIndicatorManager.m */ = {isa = PBXFileReference; fileEncoding = 4; lastKnownFileType = sourcecode.c.objc; path = AFNetworkActivityIndicatorManager.m; sourceTree = "<group>"; };
		4ACDB99B1B3E7E66009EFB91 /* UIActivityIndicatorView+AFNetworking.h */ = {isa = PBXFileReference; fileEncoding = 4; lastKnownFileType = sourcecode.c.h; path = "UIActivityIndicatorView+AFNetworking.h"; sourceTree = "<group>"; };
		4ACDB99C1B3E7E66009EFB91 /* UIActivityIndicatorView+AFNetworking.m */ = {isa = PBXFileReference; fileEncoding = 4; lastKnownFileType = sourcecode.c.objc; path = "UIActivityIndicatorView+AFNetworking.m"; sourceTree = "<group>"; };
		4ACDB99D1B3E7E66009EFB91 /* UIAlertView+AFNetworking.h */ = {isa = PBXFileReference; fileEncoding = 4; lastKnownFileType = sourcecode.c.h; path = "UIAlertView+AFNetworking.h"; sourceTree = "<group>"; };
		4ACDB99E1B3E7E66009EFB91 /* UIAlertView+AFNetworking.m */ = {isa = PBXFileReference; fileEncoding = 4; lastKnownFileType = sourcecode.c.objc; path = "UIAlertView+AFNetworking.m"; sourceTree = "<group>"; };
		4ACDB99F1B3E7E66009EFB91 /* UIButton+AFNetworking.h */ = {isa = PBXFileReference; fileEncoding = 4; lastKnownFileType = sourcecode.c.h; path = "UIButton+AFNetworking.h"; sourceTree = "<group>"; };
		4ACDB9A01B3E7E66009EFB91 /* UIButton+AFNetworking.m */ = {isa = PBXFileReference; fileEncoding = 4; lastKnownFileType = sourcecode.c.objc; path = "UIButton+AFNetworking.m"; sourceTree = "<group>"; };
		4ACDB9A11B3E7E66009EFB91 /* UIImageView+AFNetworking.h */ = {isa = PBXFileReference; fileEncoding = 4; lastKnownFileType = sourcecode.c.h; path = "UIImageView+AFNetworking.h"; sourceTree = "<group>"; };
		4ACDB9A21B3E7E66009EFB91 /* UIImageView+AFNetworking.m */ = {isa = PBXFileReference; fileEncoding = 4; lastKnownFileType = sourcecode.c.objc; path = "UIImageView+AFNetworking.m"; sourceTree = "<group>"; };
		4ACDB9A31B3E7E66009EFB91 /* UIKit+AFNetworking.h */ = {isa = PBXFileReference; fileEncoding = 4; lastKnownFileType = sourcecode.c.h; path = "UIKit+AFNetworking.h"; sourceTree = "<group>"; };
		4ACDB9A41B3E7E66009EFB91 /* UIProgressView+AFNetworking.h */ = {isa = PBXFileReference; fileEncoding = 4; lastKnownFileType = sourcecode.c.h; path = "UIProgressView+AFNetworking.h"; sourceTree = "<group>"; };
		4ACDB9A51B3E7E66009EFB91 /* UIProgressView+AFNetworking.m */ = {isa = PBXFileReference; fileEncoding = 4; lastKnownFileType = sourcecode.c.objc; path = "UIProgressView+AFNetworking.m"; sourceTree = "<group>"; };
		4ACDB9A61B3E7E66009EFB91 /* UIRefreshControl+AFNetworking.h */ = {isa = PBXFileReference; fileEncoding = 4; lastKnownFileType = sourcecode.c.h; path = "UIRefreshControl+AFNetworking.h"; sourceTree = "<group>"; };
		4ACDB9A71B3E7E66009EFB91 /* UIRefreshControl+AFNetworking.m */ = {isa = PBXFileReference; fileEncoding = 4; lastKnownFileType = sourcecode.c.objc; path = "UIRefreshControl+AFNetworking.m"; sourceTree = "<group>"; };
		4ACDB9A81B3E7E66009EFB91 /* UIWebView+AFNetworking.h */ = {isa = PBXFileReference; fileEncoding = 4; lastKnownFileType = sourcecode.c.h; path = "UIWebView+AFNetworking.h"; sourceTree = "<group>"; };
		4ACDB9A91B3E7E66009EFB91 /* UIWebView+AFNetworking.m */ = {isa = PBXFileReference; fileEncoding = 4; lastKnownFileType = sourcecode.c.objc; path = "UIWebView+AFNetworking.m"; sourceTree = "<group>"; };
		4ACDB9AA1B3E7E66009EFB91 /* Utility.h */ = {isa = PBXFileReference; fileEncoding = 4; lastKnownFileType = sourcecode.c.h; path = Utility.h; sourceTree = "<group>"; };
		4ACDB9AB1B3E7E66009EFB91 /* Utility.m */ = {isa = PBXFileReference; fileEncoding = 4; lastKnownFileType = sourcecode.c.objc; path = Utility.m; sourceTree = "<group>"; };
		4ACDB9EB1B3E8366009EFB91 /* DiaryInfoViewController.h */ = {isa = PBXFileReference; fileEncoding = 4; lastKnownFileType = sourcecode.c.h; path = DiaryInfoViewController.h; sourceTree = "<group>"; };
		4ACDB9EC1B3E8366009EFB91 /* DiaryInfoViewController.m */ = {isa = PBXFileReference; fileEncoding = 4; lastKnownFileType = sourcecode.c.objc; path = DiaryInfoViewController.m; sourceTree = "<group>"; };
		4ACDB9EE1B3E84B8009EFB91 /* DailyDiaryViewController.h */ = {isa = PBXFileReference; fileEncoding = 4; lastKnownFileType = sourcecode.c.h; path = DailyDiaryViewController.h; sourceTree = "<group>"; };
		4ACDB9EF1B3E84B8009EFB91 /* DailyDiaryViewController.m */ = {isa = PBXFileReference; fileEncoding = 4; lastKnownFileType = sourcecode.c.objc; path = DailyDiaryViewController.m; sourceTree = "<group>"; };
		4ACDB9F11B3E8816009EFB91 /* UserInfo.h */ = {isa = PBXFileReference; fileEncoding = 4; lastKnownFileType = sourcecode.c.h; path = UserInfo.h; sourceTree = "<group>"; };
		4ACDB9F21B3E8816009EFB91 /* UserInfo.m */ = {isa = PBXFileReference; fileEncoding = 4; lastKnownFileType = sourcecode.c.objc; path = UserInfo.m; sourceTree = "<group>"; };
		4ACDB9F41B3E9A14009EFB91 /* DailyDiary.h */ = {isa = PBXFileReference; fileEncoding = 4; lastKnownFileType = sourcecode.c.h; path = DailyDiary.h; sourceTree = "<group>"; };
		4ACDB9F51B3E9A14009EFB91 /* DailyDiary.m */ = {isa = PBXFileReference; fileEncoding = 4; lastKnownFileType = sourcecode.c.objc; path = DailyDiary.m; sourceTree = "<group>"; };
/* End PBXFileReference section */

/* Begin PBXFrameworksBuildPhase section */
		19F0BD071B1DBC6400E4B048 /* Frameworks */ = {
			isa = PBXFrameworksBuildPhase;
			buildActionMask = 2147483647;
			files = (
				19F0BD361B1F12CA00E4B048 /* Foundation.framework in Frameworks */,
				19F0BE2D1B28519B00E4B048 /* QuartzCore.framework in Frameworks */,
				19F0BD441B1F14DF00E4B048 /* SystemConfiguration.framework in Frameworks */,
				4ACDB9C31B3E7E66009EFB91 /* AWSRuntime.framework in Frameworks */,
				4ACDB9C41B3E7E66009EFB91 /* AWSS3.framework in Frameworks */,
				19F0BD421B1F14D800E4B048 /* UIKit.framework in Frameworks */,
				19F0BD401B1F14CC00E4B048 /* Security.framework in Frameworks */,
				19F0BD3E1B1F14C700E4B048 /* MobileCoreServices.framework in Frameworks */,
				19F0BD3C1B1F14BC00E4B048 /* CoreLocation.framework in Frameworks */,
				19F0BD3A1B1F14B600E4B048 /* CoreGraphics.framework in Frameworks */,
			);
			runOnlyForDeploymentPostprocessing = 0;
		};
		19F0BD201B1DBC6400E4B048 /* Frameworks */ = {
			isa = PBXFrameworksBuildPhase;
			buildActionMask = 2147483647;
			files = (
			);
			runOnlyForDeploymentPostprocessing = 0;
		};
/* End PBXFrameworksBuildPhase section */

/* Begin PBXGroup section */
		19F0BD011B1DBC6400E4B048 = {
			isa = PBXGroup;
			children = (
				19F0BD0C1B1DBC6400E4B048 /* DigiFaces */,
				19F0BD261B1DBC6400E4B048 /* DigiFacesTests */,
				19F0BD0B1B1DBC6400E4B048 /* Products */,
			);
			sourceTree = "<group>";
		};
		19F0BD0B1B1DBC6400E4B048 /* Products */ = {
			isa = PBXGroup;
			children = (
				19F0BD0A1B1DBC6400E4B048 /* DigiFaces.app */,
				19F0BD231B1DBC6400E4B048 /* DigiFacesTests.xctest */,
			);
			name = Products;
			sourceTree = "<group>";
		};
		19F0BD0C1B1DBC6400E4B048 /* DigiFaces */ = {
			isa = PBXGroup;
			children = (
				4ACDB9291B3E7E66009EFB91 /* Classes */,
				4ADF08251B333AD400BAF70F /* Frameworks */,
				19F0BE311B28BBE400E4B048 /* LaunchScreen.xib */,
				19F0BD171B1DBC6400E4B048 /* Main.storyboard */,
				19F0BD1A1B1DBC6400E4B048 /* Images.xcassets */,
				19F0BD0D1B1DBC6400E4B048 /* Supporting Files */,
			);
			path = DigiFaces;
			sourceTree = "<group>";
		};
		19F0BD0D1B1DBC6400E4B048 /* Supporting Files */ = {
			isa = PBXGroup;
			children = (
				19328DD71B2FFDE5008BFAA6 /* Localizable.strings */,
				19F0BD0F1B1DBC6400E4B048 /* main.m */,
			);
			name = "Supporting Files";
			sourceTree = "<group>";
		};
		19F0BD261B1DBC6400E4B048 /* DigiFacesTests */ = {
			isa = PBXGroup;
			children = (
				19F0BD291B1DBC6400E4B048 /* DigiFacesTests.m */,
				19F0BD271B1DBC6400E4B048 /* Supporting Files */,
			);
			path = DigiFacesTests;
			sourceTree = "<group>";
		};
		19F0BD271B1DBC6400E4B048 /* Supporting Files */ = {
			isa = PBXGroup;
			children = (
				19F0BD281B1DBC6400E4B048 /* Info.plist */,
			);
			name = "Supporting Files";
			sourceTree = "<group>";
		};
		4ACDB9291B3E7E66009EFB91 /* Classes */ = {
			isa = PBXGroup;
			children = (
				4ACDB92A1B3E7E66009EFB91 /* AppDelegate.h */,
				4ACDB92B1B3E7E66009EFB91 /* AppDelegate.m */,
				4ACDB92C1B3E7E66009EFB91 /* Controllers */,
				4ACDB94B1B3E7E66009EFB91 /* CustomCells */,
				4ACDB9591B3E7E66009EFB91 /* Frameworks */,
				4ACDB95C1B3E7E66009EFB91 /* Models */,
				4ACDB9671B3E7E66009EFB91 /* Services */,
				4ACDB96A1B3E7E66009EFB91 /* Utilities */,
			);
			path = Classes;
			sourceTree = "<group>";
		};
		4ACDB92C1B3E7E66009EFB91 /* Controllers */ = {
			isa = PBXGroup;
			children = (
				4ACDB92D1B3E7E66009EFB91 /* AboutDigifacesController.h */,
				4ACDB92E1B3E7E66009EFB91 /* AboutDigifacesController.m */,
				4ACDB92F1B3E7E66009EFB91 /* EmailModeratorController.h */,
				4ACDB9301B3E7E66009EFB91 /* EmailModeratorController.m */,
				4ACDB9311B3E7E66009EFB91 /* ForgotPasswordViewController.h */,
				4ACDB9321B3E7E66009EFB91 /* ForgotPasswordViewController.m */,
				4ACDB9331B3E7E66009EFB91 /* HomeViewController.h */,
				4ACDB9341B3E7E66009EFB91 /* HomeViewController.m */,
				4ACDB9351B3E7E66009EFB91 /* LoginViewController.h */,
				4ACDB9361B3E7E66009EFB91 /* LoginViewController.m */,
				4ACDB9371B3E7E66009EFB91 /* MyProfileViewController.h */,
				4ACDB9381B3E7E66009EFB91 /* MyProfileViewController.m */,
				4ACDB9391B3E7E66009EFB91 /* PhotoGalleryViewController.h */,
				4ACDB93A1B3E7E66009EFB91 /* PhotoGalleryViewController.m */,
				4ACDB93B1B3E7E66009EFB91 /* ProfilePicutreCollectionViewController.h */,
				4ACDB93C1B3E7E66009EFB91 /* ProfilePicutreCollectionViewController.m */,
				4ACDB93D1B3E7E66009EFB91 /* ProjectIntroViewController.h */,
				4ACDB93E1B3E7E66009EFB91 /* ProjectIntroViewController.m */,
				4ACDB93F1B3E7E66009EFB91 /* ProjectViewController.h */,
				4ACDB9401B3E7E66009EFB91 /* ProjectViewController.m */,
				4ACDB9411B3E7E66009EFB91 /* SettingsViewController.h */,
				4ACDB9421B3E7E66009EFB91 /* SettingsViewController.m */,
				4ACDB9431B3E7E66009EFB91 /* TechSupportController.h */,
				4ACDB9441B3E7E66009EFB91 /* TechSupportController.m */,
				4ACDB9451B3E7E66009EFB91 /* UserViewController.h */,
				4ACDB9461B3E7E66009EFB91 /* UserViewController.m */,
				4ACDB9471B3E7E66009EFB91 /* VersionViewContrller.h */,
				4ACDB9481B3E7E66009EFB91 /* VersionViewContrller.m */,
				4ACDB9491B3E7E66009EFB91 /* WebViewController.h */,
				4ACDB94A1B3E7E66009EFB91 /* WebViewController.m */,
				4ACDB9EB1B3E8366009EFB91 /* DiaryInfoViewController.h */,
				4ACDB9EC1B3E8366009EFB91 /* DiaryInfoViewController.m */,
				4ACDB9EE1B3E84B8009EFB91 /* DailyDiaryViewController.h */,
				4ACDB9EF1B3E84B8009EFB91 /* DailyDiaryViewController.m */,
			);
			path = Controllers;
			sourceTree = "<group>";
		};
		4ACDB94B1B3E7E66009EFB91 /* CustomCells */ = {
			isa = PBXGroup;
			children = (
				4ACDB94C1B3E7E66009EFB91 /* CustomAertView.h */,
				4ACDB94D1B3E7E66009EFB91 /* CustomAertView.m */,
				4ACDB94E1B3E7E66009EFB91 /* CustomAertView.xib */,
				4ACDB94F1B3E7E66009EFB91 /* ImageCell.h */,
				4ACDB9501B3E7E66009EFB91 /* ImageCell.m */,
				4ACDB9511B3E7E66009EFB91 /* ImageCollectionCell.h */,
				4ACDB9521B3E7E66009EFB91 /* ImageCollectionCell.m */,
				4ACDB9531B3E7E66009EFB91 /* LoginSegue.h */,
				4ACDB9541B3E7E66009EFB91 /* LoginSegue.m */,
				4ACDB9551B3E7E66009EFB91 /* LogoutSegue.h */,
				4ACDB9561B3E7E66009EFB91 /* LogoutSegue.m */,
				4ACDB9571B3E7E66009EFB91 /* ProfilePicCell.h */,
				4ACDB9581B3E7E66009EFB91 /* ProfilePicCell.m */,
			);
			path = CustomCells;
			sourceTree = "<group>";
		};
		4ACDB9591B3E7E66009EFB91 /* Frameworks */ = {
			isa = PBXGroup;
			children = (
				4ACDB95A1B3E7E66009EFB91 /* AWSRuntime.framework */,
				4ACDB95B1B3E7E66009EFB91 /* AWSS3.framework */,
			);
			path = Frameworks;
			sourceTree = "<group>";
		};
		4ACDB95C1B3E7E66009EFB91 /* Models */ = {
			isa = PBXGroup;
			children = (
				4ACDB95D1B3E7E66009EFB91 /* Company.h */,
				4ACDB95E1B3E7E66009EFB91 /* Company.m */,
				4ACDB95F1B3E7E66009EFB91 /* Diary.h */,
				4ACDB9601B3E7E66009EFB91 /* Diary.m */,
				4ACDB9611B3E7E66009EFB91 /* File.h */,
				4ACDB9621B3E7E66009EFB91 /* File.m */,
				4ACDB9631B3E7E66009EFB91 /* Project.h */,
				4ACDB9641B3E7E66009EFB91 /* Project.m */,
				4ACDB9651B3E7E66009EFB91 /* UserManagerShared.h */,
				4ACDB9661B3E7E66009EFB91 /* UserManagerShared.m */,
				4ACDB9F11B3E8816009EFB91 /* UserInfo.h */,
				4ACDB9F21B3E8816009EFB91 /* UserInfo.m */,
				4ACDB9F41B3E9A14009EFB91 /* DailyDiary.h */,
				4ACDB9F51B3E9A14009EFB91 /* DailyDiary.m */,
			);
			path = Models;
			sourceTree = "<group>";
		};
		4ACDB9671B3E7E66009EFB91 /* Services */ = {
			isa = PBXGroup;
			children = (
				4ACDB9681B3E7E66009EFB91 /* DigiFaceHTTPClient.h */,
				4ACDB9691B3E7E66009EFB91 /* DigiFaceHTTPClient.m */,
			);
			path = Services;
			sourceTree = "<group>";
		};
		4ACDB96A1B3E7E66009EFB91 /* Utilities */ = {
			isa = PBXGroup;
			children = (
				4ACDB96B1B3E7E66009EFB91 /* AFNetworking */,
				4ACDB97F1B3E7E66009EFB91 /* MBProgressHUD.h */,
				4ACDB9801B3E7E66009EFB91 /* MBProgressHUD.m */,
				4ACDB9811B3E7E66009EFB91 /* MWFeedParser */,
				4ACDB9971B3E7E66009EFB91 /* SDConstants.h */,
				4ACDB9981B3E7E66009EFB91 /* UIKit+AFNetworking */,
				4ACDB9AA1B3E7E66009EFB91 /* Utility.h */,
				4ACDB9AB1B3E7E66009EFB91 /* Utility.m */,
			);
			path = Utilities;
			sourceTree = "<group>";
		};
		4ACDB96B1B3E7E66009EFB91 /* AFNetworking */ = {
			isa = PBXGroup;
			children = (
				4ACDB96C1B3E7E66009EFB91 /* AFHTTPRequestOperation.h */,
				4ACDB96D1B3E7E66009EFB91 /* AFHTTPRequestOperation.m */,
				4ACDB96E1B3E7E66009EFB91 /* AFHTTPRequestOperationManager.h */,
				4ACDB96F1B3E7E66009EFB91 /* AFHTTPRequestOperationManager.m */,
				4ACDB9701B3E7E66009EFB91 /* AFHTTPSessionManager.h */,
				4ACDB9711B3E7E66009EFB91 /* AFHTTPSessionManager.m */,
				4ACDB9721B3E7E66009EFB91 /* AFNetworking.h */,
				4ACDB9731B3E7E66009EFB91 /* AFNetworkReachabilityManager.h */,
				4ACDB9741B3E7E66009EFB91 /* AFNetworkReachabilityManager.m */,
				4ACDB9751B3E7E66009EFB91 /* AFSecurityPolicy.h */,
				4ACDB9761B3E7E66009EFB91 /* AFSecurityPolicy.m */,
				4ACDB9771B3E7E66009EFB91 /* AFURLConnectionOperation.h */,
				4ACDB9781B3E7E66009EFB91 /* AFURLConnectionOperation.m */,
				4ACDB9791B3E7E66009EFB91 /* AFURLRequestSerialization.h */,
				4ACDB97A1B3E7E66009EFB91 /* AFURLRequestSerialization.m */,
				4ACDB97B1B3E7E66009EFB91 /* AFURLResponseSerialization.h */,
				4ACDB97C1B3E7E66009EFB91 /* AFURLResponseSerialization.m */,
				4ACDB97D1B3E7E66009EFB91 /* AFURLSessionManager.h */,
				4ACDB97E1B3E7E66009EFB91 /* AFURLSessionManager.m */,
			);
			path = AFNetworking;
			sourceTree = "<group>";
		};
		4ACDB9811B3E7E66009EFB91 /* MWFeedParser */ = {
			isa = PBXGroup;
			children = (
				4ACDB9821B3E7E66009EFB91 /* DetailTableViewController.h */,
				4ACDB9831B3E7E66009EFB91 /* DetailTableViewController.m */,
				4ACDB9841B3E7E66009EFB91 /* GTMNSString+HTML.h */,
				4ACDB9851B3E7E66009EFB91 /* GTMNSString+HTML.m */,
				4ACDB9861B3E7E66009EFB91 /* MWFeedInfo.h */,
				4ACDB9871B3E7E66009EFB91 /* MWFeedInfo.m */,
				4ACDB9881B3E7E66009EFB91 /* MWFeedItem.h */,
				4ACDB9891B3E7E66009EFB91 /* MWFeedItem.m */,
				4ACDB98A1B3E7E66009EFB91 /* MWFeedParser.h */,
				4ACDB98B1B3E7E66009EFB91 /* MWFeedParser.m */,
				4ACDB98C1B3E7E66009EFB91 /* MWFeedParser_Private.h */,
				4ACDB98D1B3E7E66009EFB91 /* MWFeedParserAppDelegate.h */,
				4ACDB98E1B3E7E66009EFB91 /* MWFeedParserAppDelegate.m */,
				4ACDB98F1B3E7E66009EFB91 /* NSDate+InternetDateTime.h */,
				4ACDB9901B3E7E66009EFB91 /* NSDate+InternetDateTime.m */,
				4ACDB9911B3E7E66009EFB91 /* NSString+HTML.h */,
				4ACDB9921B3E7E66009EFB91 /* NSString+HTML.m */,
				4ACDB9931B3E7E66009EFB91 /* NSString+XMLEntities.h */,
				4ACDB9941B3E7E66009EFB91 /* NSString+XMLEntities.m */,
				4ACDB9951B3E7E66009EFB91 /* RootViewController.h */,
				4ACDB9961B3E7E66009EFB91 /* RootViewController.m */,
			);
			path = MWFeedParser;
			sourceTree = "<group>";
		};
		4ACDB9981B3E7E66009EFB91 /* UIKit+AFNetworking */ = {
			isa = PBXGroup;
			children = (
				4ACDB9991B3E7E66009EFB91 /* AFNetworkActivityIndicatorManager.h */,
				4ACDB99A1B3E7E66009EFB91 /* AFNetworkActivityIndicatorManager.m */,
				4ACDB99B1B3E7E66009EFB91 /* UIActivityIndicatorView+AFNetworking.h */,
				4ACDB99C1B3E7E66009EFB91 /* UIActivityIndicatorView+AFNetworking.m */,
				4ACDB99D1B3E7E66009EFB91 /* UIAlertView+AFNetworking.h */,
				4ACDB99E1B3E7E66009EFB91 /* UIAlertView+AFNetworking.m */,
				4ACDB99F1B3E7E66009EFB91 /* UIButton+AFNetworking.h */,
				4ACDB9A01B3E7E66009EFB91 /* UIButton+AFNetworking.m */,
				4ACDB9A11B3E7E66009EFB91 /* UIImageView+AFNetworking.h */,
				4ACDB9A21B3E7E66009EFB91 /* UIImageView+AFNetworking.m */,
				4ACDB9A31B3E7E66009EFB91 /* UIKit+AFNetworking.h */,
				4ACDB9A41B3E7E66009EFB91 /* UIProgressView+AFNetworking.h */,
				4ACDB9A51B3E7E66009EFB91 /* UIProgressView+AFNetworking.m */,
				4ACDB9A61B3E7E66009EFB91 /* UIRefreshControl+AFNetworking.h */,
				4ACDB9A71B3E7E66009EFB91 /* UIRefreshControl+AFNetworking.m */,
				4ACDB9A81B3E7E66009EFB91 /* UIWebView+AFNetworking.h */,
				4ACDB9A91B3E7E66009EFB91 /* UIWebView+AFNetworking.m */,
			);
			path = "UIKit+AFNetworking";
			sourceTree = "<group>";
		};
		4ADF08251B333AD400BAF70F /* Frameworks */ = {
			isa = PBXGroup;
			children = (
				19F0BE2C1B28519B00E4B048 /* QuartzCore.framework */,
				19F0BD431B1F14DF00E4B048 /* SystemConfiguration.framework */,
				19F0BD411B1F14D800E4B048 /* UIKit.framework */,
				19F0BD3F1B1F14CC00E4B048 /* Security.framework */,
				19F0BD3D1B1F14C700E4B048 /* MobileCoreServices.framework */,
				19F0BD3B1B1F14BC00E4B048 /* CoreLocation.framework */,
				19F0BD391B1F14B600E4B048 /* CoreGraphics.framework */,
				19F0BD351B1F12C900E4B048 /* Foundation.framework */,
			);
			name = Frameworks;
			sourceTree = "<group>";
		};
/* End PBXGroup section */

/* Begin PBXNativeTarget section */
		19F0BD091B1DBC6400E4B048 /* DigiFaces */ = {
			isa = PBXNativeTarget;
			buildConfigurationList = 19F0BD2D1B1DBC6400E4B048 /* Build configuration list for PBXNativeTarget "DigiFaces" */;
			buildPhases = (
				19F0BD061B1DBC6400E4B048 /* Sources */,
				19F0BD071B1DBC6400E4B048 /* Frameworks */,
				19F0BD081B1DBC6400E4B048 /* Resources */,
			);
			buildRules = (
			);
			dependencies = (
			);
			name = DigiFaces;
			productName = DigiFaces;
			productReference = 19F0BD0A1B1DBC6400E4B048 /* DigiFaces.app */;
			productType = "com.apple.product-type.application";
		};
		19F0BD221B1DBC6400E4B048 /* DigiFacesTests */ = {
			isa = PBXNativeTarget;
			buildConfigurationList = 19F0BD301B1DBC6400E4B048 /* Build configuration list for PBXNativeTarget "DigiFacesTests" */;
			buildPhases = (
				19F0BD1F1B1DBC6400E4B048 /* Sources */,
				19F0BD201B1DBC6400E4B048 /* Frameworks */,
				19F0BD211B1DBC6400E4B048 /* Resources */,
			);
			buildRules = (
			);
			dependencies = (
				19F0BD251B1DBC6400E4B048 /* PBXTargetDependency */,
			);
			name = DigiFacesTests;
			productName = DigiFacesTests;
			productReference = 19F0BD231B1DBC6400E4B048 /* DigiFacesTests.xctest */;
			productType = "com.apple.product-type.bundle.unit-test";
		};
/* End PBXNativeTarget section */

/* Begin PBXProject section */
		19F0BD021B1DBC6400E4B048 /* Project object */ = {
			isa = PBXProject;
			attributes = {
				LastUpgradeCheck = 0630;
				ORGANIZATIONNAME = "Usasha studio";
				TargetAttributes = {
					19F0BD091B1DBC6400E4B048 = {
						CreatedOnToolsVersion = 6.3.2;
					};
					19F0BD221B1DBC6400E4B048 = {
						CreatedOnToolsVersion = 6.3.2;
						TestTargetID = 19F0BD091B1DBC6400E4B048;
					};
				};
			};
			buildConfigurationList = 19F0BD051B1DBC6400E4B048 /* Build configuration list for PBXProject "DigiFaces" */;
			compatibilityVersion = "Xcode 3.2";
			developmentRegion = English;
			hasScannedForEncodings = 0;
			knownRegions = (
				en,
				Base,
				fr,
				de,
				ja,
				"zh-Hans",
			);
			mainGroup = 19F0BD011B1DBC6400E4B048;
			productRefGroup = 19F0BD0B1B1DBC6400E4B048 /* Products */;
			projectDirPath = "";
			projectRoot = "";
			targets = (
				19F0BD091B1DBC6400E4B048 /* DigiFaces */,
				19F0BD221B1DBC6400E4B048 /* DigiFacesTests */,
			);
		};
/* End PBXProject section */

/* Begin PBXResourcesBuildPhase section */
		19F0BD081B1DBC6400E4B048 /* Resources */ = {
			isa = PBXResourcesBuildPhase;
			buildActionMask = 2147483647;
			files = (
				19F0BE331B28BBE500E4B048 /* LaunchScreen.xib in Resources */,
				19F0BD191B1DBC6400E4B048 /* Main.storyboard in Resources */,
				19F0BD1B1B1DBC6400E4B048 /* Images.xcassets in Resources */,
				4ACDB9BD1B3E7E66009EFB91 /* CustomAertView.xib in Resources */,
				19328DD51B2FFDE5008BFAA6 /* Localizable.strings in Resources */,
			);
			runOnlyForDeploymentPostprocessing = 0;
		};
		19F0BD211B1DBC6400E4B048 /* Resources */ = {
			isa = PBXResourcesBuildPhase;
			buildActionMask = 2147483647;
			files = (
			);
			runOnlyForDeploymentPostprocessing = 0;
		};
/* End PBXResourcesBuildPhase section */

/* Begin PBXSourcesBuildPhase section */
		19F0BD061B1DBC6400E4B048 /* Sources */ = {
			isa = PBXSourcesBuildPhase;
			buildActionMask = 2147483647;
			files = (
				4ACDB9DB1B3E7E66009EFB91 /* NSDate+InternetDateTime.m in Sources */,
				4ACDB9D51B3E7E66009EFB91 /* DetailTableViewController.m in Sources */,
				4ACDB9BE1B3E7E66009EFB91 /* ImageCell.m in Sources */,
				4ACDB9AC1B3E7E66009EFB91 /* AppDelegate.m in Sources */,
				4ACDB9E71B3E7E66009EFB91 /* Utility.m in Sources */,
				4ACDB9AD1B3E7E66009EFB91 /* AboutDigifacesController.m in Sources */,
				4ACDB9CA1B3E7E66009EFB91 /* DigiFaceHTTPClient.m in Sources */,
				4ACDB9D71B3E7E66009EFB91 /* MWFeedInfo.m in Sources */,
				4ACDB9B21B3E7E66009EFB91 /* MyProfileViewController.m in Sources */,
				4ACDB9DE1B3E7E66009EFB91 /* RootViewController.m in Sources */,
				4ACDB9B41B3E7E66009EFB91 /* ProfilePicutreCollectionViewController.m in Sources */,
				4ACDB9ED1B3E8366009EFB91 /* DiaryInfoViewController.m in Sources */,
				4ACDB9E21B3E7E66009EFB91 /* UIButton+AFNetworking.m in Sources */,
				4ACDB9B61B3E7E66009EFB91 /* ProjectViewController.m in Sources */,
				4ACDB9AE1B3E7E66009EFB91 /* EmailModeratorController.m in Sources */,
				4ACDB9E01B3E7E66009EFB91 /* UIActivityIndicatorView+AFNetworking.m in Sources */,
				4ACDB9D91B3E7E66009EFB91 /* MWFeedParser.m in Sources */,
				4ACDB9D21B3E7E66009EFB91 /* AFURLResponseSerialization.m in Sources */,
				4ACDB9C91B3E7E66009EFB91 /* UserManagerShared.m in Sources */,
				4ACDB9B91B3E7E66009EFB91 /* UserViewController.m in Sources */,
				4ACDB9BA1B3E7E66009EFB91 /* VersionViewContrller.m in Sources */,
				4ACDB9BB1B3E7E66009EFB91 /* WebViewController.m in Sources */,
				4ACDB9CB1B3E7E66009EFB91 /* AFHTTPRequestOperation.m in Sources */,
				4ACDB9F31B3E8816009EFB91 /* UserInfo.m in Sources */,
				4ACDB9D81B3E7E66009EFB91 /* MWFeedItem.m in Sources */,
				4ACDB9F01B3E84B8009EFB91 /* DailyDiaryViewController.m in Sources */,
				4ACDB9C01B3E7E66009EFB91 /* LoginSegue.m in Sources */,
				4ACDB9D01B3E7E66009EFB91 /* AFURLConnectionOperation.m in Sources */,
				4ACDB9E41B3E7E66009EFB91 /* UIProgressView+AFNetworking.m in Sources */,
				4ACDB9AF1B3E7E66009EFB91 /* ForgotPasswordViewController.m in Sources */,
				4ACDB9D61B3E7E66009EFB91 /* GTMNSString+HTML.m in Sources */,
				4ACDB9DF1B3E7E66009EFB91 /* AFNetworkActivityIndicatorManager.m in Sources */,
				4ACDB9C81B3E7E66009EFB91 /* Project.m in Sources */,
				4ACDB9B51B3E7E66009EFB91 /* ProjectIntroViewController.m in Sources */,
				4ACDB9E11B3E7E66009EFB91 /* UIAlertView+AFNetworking.m in Sources */,
				4ACDB9C71B3E7E66009EFB91 /* File.m in Sources */,
				4ACDB9DA1B3E7E66009EFB91 /* MWFeedParserAppDelegate.m in Sources */,
				4ACDB9F61B3E9A14009EFB91 /* DailyDiary.m in Sources */,
				4ACDB9DC1B3E7E66009EFB91 /* NSString+HTML.m in Sources */,
				4ACDB9C11B3E7E66009EFB91 /* LogoutSegue.m in Sources */,
				4ACDB9B11B3E7E66009EFB91 /* LoginViewController.m in Sources */,
				4ACDB9D41B3E7E66009EFB91 /* MBProgressHUD.m in Sources */,
				4ACDB9CC1B3E7E66009EFB91 /* AFHTTPRequestOperationManager.m in Sources */,
				19F0BD101B1DBC6400E4B048 /* main.m in Sources */,
				4ACDB9B01B3E7E66009EFB91 /* HomeViewController.m in Sources */,
				4ACDB9CD1B3E7E66009EFB91 /* AFHTTPSessionManager.m in Sources */,
				4ACDB9BF1B3E7E66009EFB91 /* ImageCollectionCell.m in Sources */,
				4ACDB9B31B3E7E66009EFB91 /* PhotoGalleryViewController.m in Sources */,
				4ACDB9D11B3E7E66009EFB91 /* AFURLRequestSerialization.m in Sources */,
				4ACDB9E31B3E7E66009EFB91 /* UIImageView+AFNetworking.m in Sources */,
				4ACDB9D31B3E7E66009EFB91 /* AFURLSessionManager.m in Sources */,
				4ACDB9CF1B3E7E66009EFB91 /* AFSecurityPolicy.m in Sources */,
				4ACDB9C51B3E7E66009EFB91 /* Company.m in Sources */,
				4ACDB9B71B3E7E66009EFB91 /* SettingsViewController.m in Sources */,
				4ACDB9DD1B3E7E66009EFB91 /* NSString+XMLEntities.m in Sources */,
				4ACDB9E51B3E7E66009EFB91 /* UIRefreshControl+AFNetworking.m in Sources */,
				4ACDB9C21B3E7E66009EFB91 /* ProfilePicCell.m in Sources */,
				4ACDB9B81B3E7E66009EFB91 /* TechSupportController.m in Sources */,
				4ACDB9E61B3E7E66009EFB91 /* UIWebView+AFNetworking.m in Sources */,
				4ACDB9BC1B3E7E66009EFB91 /* CustomAertView.m in Sources */,
				4ACDB9CE1B3E7E66009EFB91 /* AFNetworkReachabilityManager.m in Sources */,
				4ACDB9C61B3E7E66009EFB91 /* Diary.m in Sources */,
			);
			runOnlyForDeploymentPostprocessing = 0;
		};
		19F0BD1F1B1DBC6400E4B048 /* Sources */ = {
			isa = PBXSourcesBuildPhase;
			buildActionMask = 2147483647;
			files = (
				19F0BD2A1B1DBC6400E4B048 /* DigiFacesTests.m in Sources */,
			);
			runOnlyForDeploymentPostprocessing = 0;
		};
/* End PBXSourcesBuildPhase section */

/* Begin PBXTargetDependency section */
		19F0BD251B1DBC6400E4B048 /* PBXTargetDependency */ = {
			isa = PBXTargetDependency;
			target = 19F0BD091B1DBC6400E4B048 /* DigiFaces */;
			targetProxy = 19F0BD241B1DBC6400E4B048 /* PBXContainerItemProxy */;
		};
/* End PBXTargetDependency section */

/* Begin PBXVariantGroup section */
		19328DD71B2FFDE5008BFAA6 /* Localizable.strings */ = {
			isa = PBXVariantGroup;
			children = (
				19328DD61B2FFDE5008BFAA6 /* en */,
				19328DD81B2FFE00008BFAA6 /* fr */,
				19328DD91B2FFEC4008BFAA6 /* de */,
				19328DDA1B2FFEC6008BFAA6 /* ja */,
				19328DDB1B2FFEC7008BFAA6 /* zh-Hans */,
			);
			name = Localizable.strings;
			sourceTree = "<group>";
		};
		19F0BD171B1DBC6400E4B048 /* Main.storyboard */ = {
			isa = PBXVariantGroup;
			children = (
				19F0BD181B1DBC6400E4B048 /* Base */,
				19328DC41B2FFCA5008BFAA6 /* fr */,
				19328DC61B2FFCAF008BFAA6 /* de */,
				19328DC81B2FFCB9008BFAA6 /* ja */,
				19328DCA1B2FFCC0008BFAA6 /* zh-Hans */,
				19328DCC1B2FFCC6008BFAA6 /* es */,
				19328DCE1B2FFCCE008BFAA6 /* nl */,
				19328DD01B2FFCDA008BFAA6 /* ar */,
				19328DD21B2FFCDF008BFAA6 /* ru */,
				19328DD41B2FFCE4008BFAA6 /* da */,
			);
			name = Main.storyboard;
			sourceTree = "<group>";
		};
		19F0BE311B28BBE400E4B048 /* LaunchScreen.xib */ = {
			isa = PBXVariantGroup;
			children = (
				19F0BE321B28BBE400E4B048 /* Base */,
				19328DC31B2FFCA4008BFAA6 /* fr */,
				19328DC51B2FFCAF008BFAA6 /* de */,
				19328DC71B2FFCB9008BFAA6 /* ja */,
				19328DC91B2FFCC0008BFAA6 /* zh-Hans */,
				19328DCB1B2FFCC6008BFAA6 /* es */,
				19328DCD1B2FFCCE008BFAA6 /* nl */,
				19328DCF1B2FFCDA008BFAA6 /* ar */,
				19328DD11B2FFCDF008BFAA6 /* ru */,
				19328DD31B2FFCE4008BFAA6 /* da */,
			);
			name = LaunchScreen.xib;
			sourceTree = "<group>";
		};
/* End PBXVariantGroup section */

/* Begin XCBuildConfiguration section */
		19F0BD2B1B1DBC6400E4B048 /* Debug */ = {
			isa = XCBuildConfiguration;
			buildSettings = {
				ALWAYS_SEARCH_USER_PATHS = NO;
				CLANG_CXX_LANGUAGE_STANDARD = "gnu++0x";
				CLANG_CXX_LIBRARY = "libc++";
				CLANG_ENABLE_MODULES = YES;
				CLANG_ENABLE_OBJC_ARC = YES;
				CLANG_WARN_BOOL_CONVERSION = YES;
				CLANG_WARN_CONSTANT_CONVERSION = YES;
				CLANG_WARN_DIRECT_OBJC_ISA_USAGE = YES_ERROR;
				CLANG_WARN_EMPTY_BODY = YES;
				CLANG_WARN_ENUM_CONVERSION = YES;
				CLANG_WARN_INT_CONVERSION = YES;
				CLANG_WARN_OBJC_ROOT_CLASS = YES_ERROR;
				CLANG_WARN_UNREACHABLE_CODE = YES;
				CLANG_WARN__DUPLICATE_METHOD_MATCH = YES;
				"CODE_SIGN_IDENTITY[sdk=iphoneos*]" = "iPhone Developer";
				COPY_PHASE_STRIP = NO;
				DEBUG_INFORMATION_FORMAT = "dwarf-with-dsym";
				ENABLE_STRICT_OBJC_MSGSEND = YES;
				GCC_C_LANGUAGE_STANDARD = gnu99;
				GCC_DYNAMIC_NO_PIC = NO;
				GCC_NO_COMMON_BLOCKS = YES;
				GCC_OPTIMIZATION_LEVEL = 0;
				GCC_PREPROCESSOR_DEFINITIONS = (
					"DEBUG=1",
					"$(inherited)",
				);
				GCC_SYMBOLS_PRIVATE_EXTERN = NO;
				GCC_WARN_64_TO_32_BIT_CONVERSION = YES;
				GCC_WARN_ABOUT_RETURN_TYPE = YES_ERROR;
				GCC_WARN_UNDECLARED_SELECTOR = YES;
				GCC_WARN_UNINITIALIZED_AUTOS = YES_AGGRESSIVE;
				GCC_WARN_UNUSED_FUNCTION = YES;
				GCC_WARN_UNUSED_VARIABLE = YES;
				IPHONEOS_DEPLOYMENT_TARGET = 8.3;
				MTL_ENABLE_DEBUG_INFO = YES;
				ONLY_ACTIVE_ARCH = YES;
				SDKROOT = iphoneos;
				TARGETED_DEVICE_FAMILY = "1,2";
			};
			name = Debug;
		};
		19F0BD2C1B1DBC6400E4B048 /* Release */ = {
			isa = XCBuildConfiguration;
			buildSettings = {
				ALWAYS_SEARCH_USER_PATHS = NO;
				CLANG_CXX_LANGUAGE_STANDARD = "gnu++0x";
				CLANG_CXX_LIBRARY = "libc++";
				CLANG_ENABLE_MODULES = YES;
				CLANG_ENABLE_OBJC_ARC = YES;
				CLANG_WARN_BOOL_CONVERSION = YES;
				CLANG_WARN_CONSTANT_CONVERSION = YES;
				CLANG_WARN_DIRECT_OBJC_ISA_USAGE = YES_ERROR;
				CLANG_WARN_EMPTY_BODY = YES;
				CLANG_WARN_ENUM_CONVERSION = YES;
				CLANG_WARN_INT_CONVERSION = YES;
				CLANG_WARN_OBJC_ROOT_CLASS = YES_ERROR;
				CLANG_WARN_UNREACHABLE_CODE = YES;
				CLANG_WARN__DUPLICATE_METHOD_MATCH = YES;
				"CODE_SIGN_IDENTITY[sdk=iphoneos*]" = "iPhone Developer";
				COPY_PHASE_STRIP = NO;
				DEBUG_INFORMATION_FORMAT = "dwarf-with-dsym";
				ENABLE_NS_ASSERTIONS = NO;
				ENABLE_STRICT_OBJC_MSGSEND = YES;
				GCC_C_LANGUAGE_STANDARD = gnu99;
				GCC_NO_COMMON_BLOCKS = YES;
				GCC_WARN_64_TO_32_BIT_CONVERSION = YES;
				GCC_WARN_ABOUT_RETURN_TYPE = YES_ERROR;
				GCC_WARN_UNDECLARED_SELECTOR = YES;
				GCC_WARN_UNINITIALIZED_AUTOS = YES_AGGRESSIVE;
				GCC_WARN_UNUSED_FUNCTION = YES;
				GCC_WARN_UNUSED_VARIABLE = YES;
				IPHONEOS_DEPLOYMENT_TARGET = 8.3;
				MTL_ENABLE_DEBUG_INFO = NO;
				SDKROOT = iphoneos;
				TARGETED_DEVICE_FAMILY = "1,2";
				VALIDATE_PRODUCT = YES;
			};
			name = Release;
		};
		19F0BD2E1B1DBC6400E4B048 /* Debug */ = {
			isa = XCBuildConfiguration;
			buildSettings = {
				ASSETCATALOG_COMPILER_APPICON_NAME = AppIcon;
				CODE_SIGN_IDENTITY = "iPhone Distribution: KOMPPA LLC (B72U6YCA6J)";
				FRAMEWORK_SEARCH_PATHS = (
					"$(inherited)",
					"$(PROJECT_DIR)/DigiFaces/Frameworks",
					"$(PROJECT_DIR)/DigiFaces/Classes/Frameworks",
				);
				INFOPLIST_FILE = DigiFaces/Info.plist;
				LD_RUNPATH_SEARCH_PATHS = "$(inherited) @executable_path/Frameworks";
				ONLY_ACTIVE_ARCH = YES;
				OTHER_LDFLAGS = "-ObjC";
				PRODUCT_NAME = "$(TARGET_NAME)";
				PROVISIONING_PROFILE = "0e55fa1b-5768-408e-9c6f-16970a6688a2";
				TARGETED_DEVICE_FAMILY = 1;
			};
			name = Debug;
		};
		19F0BD2F1B1DBC6400E4B048 /* Release */ = {
			isa = XCBuildConfiguration;
			buildSettings = {
				ASSETCATALOG_COMPILER_APPICON_NAME = AppIcon;
				CODE_SIGN_IDENTITY = "iPhone Distribution: KOMPPA LLC (B72U6YCA6J)";
				FRAMEWORK_SEARCH_PATHS = (
					"$(inherited)",
					"$(PROJECT_DIR)/DigiFaces/Frameworks",
					"$(PROJECT_DIR)/DigiFaces/Classes/Frameworks",
				);
				INFOPLIST_FILE = DigiFaces/Info.plist;
				LD_RUNPATH_SEARCH_PATHS = "$(inherited) @executable_path/Frameworks";
				ONLY_ACTIVE_ARCH = YES;
				OTHER_LDFLAGS = "-ObjC";
				PRODUCT_NAME = "$(TARGET_NAME)";
				PROVISIONING_PROFILE = "0e55fa1b-5768-408e-9c6f-16970a6688a2";
				TARGETED_DEVICE_FAMILY = 1;
			};
			name = Release;
		};
		19F0BD311B1DBC6400E4B048 /* Debug */ = {
			isa = XCBuildConfiguration;
			buildSettings = {
				BUNDLE_LOADER = "$(TEST_HOST)";
				FRAMEWORK_SEARCH_PATHS = (
					"$(SDKROOT)/Developer/Library/Frameworks",
					"$(inherited)",
				);
				GCC_PREPROCESSOR_DEFINITIONS = (
					"DEBUG=1",
					"$(inherited)",
				);
				INFOPLIST_FILE = DigiFacesTests/Info.plist;
				LD_RUNPATH_SEARCH_PATHS = "$(inherited) @executable_path/Frameworks @loader_path/Frameworks";
				PRODUCT_NAME = "$(TARGET_NAME)";
				TEST_HOST = "$(BUILT_PRODUCTS_DIR)/DigiFaces.app/DigiFaces";
			};
			name = Debug;
		};
		19F0BD321B1DBC6400E4B048 /* Release */ = {
			isa = XCBuildConfiguration;
			buildSettings = {
				BUNDLE_LOADER = "$(TEST_HOST)";
				FRAMEWORK_SEARCH_PATHS = (
					"$(SDKROOT)/Developer/Library/Frameworks",
					"$(inherited)",
				);
				INFOPLIST_FILE = DigiFacesTests/Info.plist;
				LD_RUNPATH_SEARCH_PATHS = "$(inherited) @executable_path/Frameworks @loader_path/Frameworks";
				PRODUCT_NAME = "$(TARGET_NAME)";
				TEST_HOST = "$(BUILT_PRODUCTS_DIR)/DigiFaces.app/DigiFaces";
			};
			name = Release;
		};
/* End XCBuildConfiguration section */

/* Begin XCConfigurationList section */
		19F0BD051B1DBC6400E4B048 /* Build configuration list for PBXProject "DigiFaces" */ = {
			isa = XCConfigurationList;
			buildConfigurations = (
				19F0BD2B1B1DBC6400E4B048 /* Debug */,
				19F0BD2C1B1DBC6400E4B048 /* Release */,
			);
			defaultConfigurationIsVisible = 0;
			defaultConfigurationName = Release;
		};
		19F0BD2D1B1DBC6400E4B048 /* Build configuration list for PBXNativeTarget "DigiFaces" */ = {
			isa = XCConfigurationList;
			buildConfigurations = (
				19F0BD2E1B1DBC6400E4B048 /* Debug */,
				19F0BD2F1B1DBC6400E4B048 /* Release */,
			);
			defaultConfigurationIsVisible = 0;
			defaultConfigurationName = Release;
		};
		19F0BD301B1DBC6400E4B048 /* Build configuration list for PBXNativeTarget "DigiFacesTests" */ = {
			isa = XCConfigurationList;
			buildConfigurations = (
				19F0BD311B1DBC6400E4B048 /* Debug */,
				19F0BD321B1DBC6400E4B048 /* Release */,
			);
			defaultConfigurationIsVisible = 0;
			defaultConfigurationName = Release;
		};
/* End XCConfigurationList section */
	};
	rootObject = 19F0BD021B1DBC6400E4B048 /* Project object */;
}
